// !$*UTF8*$!
{
	archiveVersion = 1;
	classes = {
	};
	objectVersion = 77;
	objects = {

/* Begin PBXContainerItemProxy section */
		14DCB7FD2CB0146A00376761 /* PBXContainerItemProxy */ = {
			isa = PBXContainerItemProxy;
			containerPortal = 14DCB7E42CB0146800376761 /* Project object */;
			proxyType = 1;
			remoteGlobalIDString = 14DCB7EB2CB0146800376761;
			remoteInfo = "Project 8.MoonShot";
		};
		14DCB8072CB0146A00376761 /* PBXContainerItemProxy */ = {
			isa = PBXContainerItemProxy;
			containerPortal = 14DCB7E42CB0146800376761 /* Project object */;
			proxyType = 1;
			remoteGlobalIDString = 14DCB7EB2CB0146800376761;
			remoteInfo = "Project 8.MoonShot";
		};
/* End PBXContainerItemProxy section */

/* Begin PBXFileReference section */
		14DCB7EC2CB0146800376761 /* Project 8.MoonShot.app */ = {isa = PBXFileReference; explicitFileType = wrapper.application; includeInIndex = 0; path = "Project 8.MoonShot.app"; sourceTree = BUILT_PRODUCTS_DIR; };
		14DCB7FC2CB0146A00376761 /* Project 8.MoonShotTests.xctest */ = {isa = PBXFileReference; explicitFileType = wrapper.cfbundle; includeInIndex = 0; path = "Project 8.MoonShotTests.xctest"; sourceTree = BUILT_PRODUCTS_DIR; };
		14DCB8062CB0146A00376761 /* Project 8.MoonShotUITests.xctest */ = {isa = PBXFileReference; explicitFileType = wrapper.cfbundle; includeInIndex = 0; path = "Project 8.MoonShotUITests.xctest"; sourceTree = BUILT_PRODUCTS_DIR; };
/* End PBXFileReference section */

/* Begin PBXFileSystemSynchronizedRootGroup section */
		14DCB7EE2CB0146800376761 /* Project 8.MoonShot */ = {
			isa = PBXFileSystemSynchronizedRootGroup;
			path = "Project 8.MoonShot";
			sourceTree = "<group>";
		};
		14DCB81F2CB014D000376761 /* Resizing images */ = {
			isa = PBXFileSystemSynchronizedRootGroup;
			path = "Resizing images";
			sourceTree = "<group>";
		};
		14DCB8242CB042BD00376761 /* ScrollView */ = {
			isa = PBXFileSystemSynchronizedRootGroup;
			path = ScrollView;
			sourceTree = "<group>";
		};
		14DCB82F2CB04EFB00376761 /* NavigationLink */ = {
			isa = PBXFileSystemSynchronizedRootGroup;
			path = NavigationLink;
			sourceTree = "<group>";
		};
		14DCB8402CB28E2900376761 /* Hierarchical Codable data */ = {
			isa = PBXFileSystemSynchronizedRootGroup;
			path = "Hierarchical Codable data";
			sourceTree = "<group>";
		};
		14DCB8462CB2947F00376761 /* Scrolling Grid */ = {
			isa = PBXFileSystemSynchronizedRootGroup;
			path = "Scrolling Grid";
			sourceTree = "<group>";
		};
/* End PBXFileSystemSynchronizedRootGroup section */

/* Begin PBXFrameworksBuildPhase section */
		14DCB7E92CB0146800376761 /* Frameworks */ = {
			isa = PBXFrameworksBuildPhase;
			buildActionMask = 2147483647;
			files = (
			);
			runOnlyForDeploymentPostprocessing = 0;
		};
		14DCB7F92CB0146A00376761 /* Frameworks */ = {
			isa = PBXFrameworksBuildPhase;
			buildActionMask = 2147483647;
			files = (
			);
			runOnlyForDeploymentPostprocessing = 0;
		};
		14DCB8032CB0146A00376761 /* Frameworks */ = {
			isa = PBXFrameworksBuildPhase;
			buildActionMask = 2147483647;
			files = (
			);
			runOnlyForDeploymentPostprocessing = 0;
		};
/* End PBXFrameworksBuildPhase section */

/* Begin PBXGroup section */
		14DCB7E32CB0146800376761 = {
			isa = PBXGroup;
			children = (
				14DCB8462CB2947F00376761 /* Scrolling Grid */,
				14DCB8402CB28E2900376761 /* Hierarchical Codable data */,
				14DCB82F2CB04EFB00376761 /* NavigationLink */,
				14DCB8242CB042BD00376761 /* ScrollView */,
				14DCB81F2CB014D000376761 /* Resizing images */,
				14DCB7EE2CB0146800376761 /* Project 8.MoonShot */,
				14DCB7ED2CB0146800376761 /* Products */,
			);
			sourceTree = "<group>";
		};
		14DCB7ED2CB0146800376761 /* Products */ = {
			isa = PBXGroup;
			children = (
				14DCB7EC2CB0146800376761 /* Project 8.MoonShot.app */,
				14DCB7FC2CB0146A00376761 /* Project 8.MoonShotTests.xctest */,
				14DCB8062CB0146A00376761 /* Project 8.MoonShotUITests.xctest */,
			);
			name = Products;
			sourceTree = "<group>";
		};
/* End PBXGroup section */

/* Begin PBXNativeTarget section */
		14DCB7EB2CB0146800376761 /* Project 8.MoonShot */ = {
			isa = PBXNativeTarget;
			buildConfigurationList = 14DCB8102CB0146A00376761 /* Build configuration list for PBXNativeTarget "Project 8.MoonShot" */;
			buildPhases = (
				14DCB7E82CB0146800376761 /* Sources */,
				14DCB7E92CB0146800376761 /* Frameworks */,
				14DCB7EA2CB0146800376761 /* Resources */,
			);
			buildRules = (
			);
			dependencies = (
			);
			fileSystemSynchronizedGroups = (
				14DCB7EE2CB0146800376761 /* Project 8.MoonShot */,
				14DCB81F2CB014D000376761 /* Resizing images */,
				14DCB8242CB042BD00376761 /* ScrollView */,
				14DCB82F2CB04EFB00376761 /* NavigationLink */,
				14DCB8462CB2947F00376761 /* Scrolling Grid */,
			);
			name = "Project 8.MoonShot";
			packageProductDependencies = (
			);
			productName = "Project 8.MoonShot";
			productReference = 14DCB7EC2CB0146800376761 /* Project 8.MoonShot.app */;
			productType = "com.apple.product-type.application";
		};
		14DCB7FB2CB0146A00376761 /* Project 8.MoonShotTests */ = {
			isa = PBXNativeTarget;
			buildConfigurationList = 14DCB8132CB0146A00376761 /* Build configuration list for PBXNativeTarget "Project 8.MoonShotTests" */;
			buildPhases = (
				14DCB7F82CB0146A00376761 /* Sources */,
				14DCB7F92CB0146A00376761 /* Frameworks */,
				14DCB7FA2CB0146A00376761 /* Resources */,
			);
			buildRules = (
			);
			dependencies = (
				14DCB7FE2CB0146A00376761 /* PBXTargetDependency */,
			);
			name = "Project 8.MoonShotTests";
			packageProductDependencies = (
			);
			productName = "Project 8.MoonShotTests";
			productReference = 14DCB7FC2CB0146A00376761 /* Project 8.MoonShotTests.xctest */;
			productType = "com.apple.product-type.bundle.unit-test";
		};
		14DCB8052CB0146A00376761 /* Project 8.MoonShotUITests */ = {
			isa = PBXNativeTarget;
			buildConfigurationList = 14DCB8162CB0146A00376761 /* Build configuration list for PBXNativeTarget "Project 8.MoonShotUITests" */;
			buildPhases = (
				14DCB8022CB0146A00376761 /* Sources */,
				14DCB8032CB0146A00376761 /* Frameworks */,
				14DCB8042CB0146A00376761 /* Resources */,
			);
			buildRules = (
			);
			dependencies = (
				14DCB8082CB0146A00376761 /* PBXTargetDependency */,
			);
			fileSystemSynchronizedGroups = (
				14DCB8402CB28E2900376761 /* Hierarchical Codable data */,
			);
			name = "Project 8.MoonShotUITests";
			packageProductDependencies = (
			);
			productName = "Project 8.MoonShotUITests";
			productReference = 14DCB8062CB0146A00376761 /* Project 8.MoonShotUITests.xctest */;
			productType = "com.apple.product-type.bundle.ui-testing";
		};
/* End PBXNativeTarget section */

/* Begin PBXProject section */
		14DCB7E42CB0146800376761 /* Project object */ = {
			isa = PBXProject;
			attributes = {
				BuildIndependentTargetsInParallel = 1;
				LastSwiftUpdateCheck = 1600;
				LastUpgradeCheck = 1600;
				TargetAttributes = {
					14DCB7EB2CB0146800376761 = {
						CreatedOnToolsVersion = 16.0;
					};
					14DCB7FB2CB0146A00376761 = {
						CreatedOnToolsVersion = 16.0;
						TestTargetID = 14DCB7EB2CB0146800376761;
					};
					14DCB8052CB0146A00376761 = {
						CreatedOnToolsVersion = 16.0;
						TestTargetID = 14DCB7EB2CB0146800376761;
					};
				};
			};
			buildConfigurationList = 14DCB7E72CB0146800376761 /* Build configuration list for PBXProject "Project 8.MoonShot" */;
			developmentRegion = en;
			hasScannedForEncodings = 0;
			knownRegions = (
				en,
				Base,
			);
			mainGroup = 14DCB7E32CB0146800376761;
			minimizedProjectReferenceProxies = 1;
			preferredProjectObjectVersion = 77;
			productRefGroup = 14DCB7ED2CB0146800376761 /* Products */;
			projectDirPath = "";
			projectRoot = "";
			targets = (
				14DCB7EB2CB0146800376761 /* Project 8.MoonShot */,
				14DCB7FB2CB0146A00376761 /* Project 8.MoonShotTests */,
				14DCB8052CB0146A00376761 /* Project 8.MoonShotUITests */,
			);
		};
/* End PBXProject section */

/* Begin PBXResourcesBuildPhase section */
		14DCB7EA2CB0146800376761 /* Resources */ = {
			isa = PBXResourcesBuildPhase;
			buildActionMask = 2147483647;
			files = (
			);
			runOnlyForDeploymentPostprocessing = 0;
		};
		14DCB7FA2CB0146A00376761 /* Resources */ = {
			isa = PBXResourcesBuildPhase;
			buildActionMask = 2147483647;
			files = (
			);
			runOnlyForDeploymentPostprocessing = 0;
		};
		14DCB8042CB0146A00376761 /* Resources */ = {
			isa = PBXResourcesBuildPhase;
			buildActionMask = 2147483647;
			files = (
			);
			runOnlyForDeploymentPostprocessing = 0;
		};
/* End PBXResourcesBuildPhase section */

/* Begin PBXSourcesBuildPhase section */
		14DCB7E82CB0146800376761 /* Sources */ = {
			isa = PBXSourcesBuildPhase;
			buildActionMask = 2147483647;
			files = (
			);
			runOnlyForDeploymentPostprocessing = 0;
		};
		14DCB7F82CB0146A00376761 /* Sources */ = {
			isa = PBXSourcesBuildPhase;
			buildActionMask = 2147483647;
			files = (
			);
			runOnlyForDeploymentPostprocessing = 0;
		};
		14DCB8022CB0146A00376761 /* Sources */ = {
			isa = PBXSourcesBuildPhase;
			buildActionMask = 2147483647;
			files = (
			);
			runOnlyForDeploymentPostprocessing = 0;
		};
/* End PBXSourcesBuildPhase section */

/* Begin PBXTargetDependency section */
		14DCB7FE2CB0146A00376761 /* PBXTargetDependency */ = {
			isa = PBXTargetDependency;
			target = 14DCB7EB2CB0146800376761 /* Project 8.MoonShot */;
			targetProxy = 14DCB7FD2CB0146A00376761 /* PBXContainerItemProxy */;
		};
		14DCB8082CB0146A00376761 /* PBXTargetDependency */ = {
			isa = PBXTargetDependency;
			target = 14DCB7EB2CB0146800376761 /* Project 8.MoonShot */;
			targetProxy = 14DCB8072CB0146A00376761 /* PBXContainerItemProxy */;
		};
/* End PBXTargetDependency section */

/* Begin XCBuildConfiguration section */
		14DCB80E2CB0146A00376761 /* Debug */ = {
			isa = XCBuildConfiguration;
			buildSettings = {
				ALWAYS_SEARCH_USER_PATHS = NO;
				ASSETCATALOG_COMPILER_GENERATE_SWIFT_ASSET_SYMBOL_EXTENSIONS = YES;
				CLANG_ANALYZER_NONNULL = YES;
				CLANG_ANALYZER_NUMBER_OBJECT_CONVERSION = YES_AGGRESSIVE;
				CLANG_CXX_LANGUAGE_STANDARD = "gnu++20";
				CLANG_ENABLE_MODULES = YES;
				CLANG_ENABLE_OBJC_ARC = YES;
				CLANG_ENABLE_OBJC_WEAK = YES;
				CLANG_WARN_BLOCK_CAPTURE_AUTORELEASING = YES;
				CLANG_WARN_BOOL_CONVERSION = YES;
				CLANG_WARN_COMMA = YES;
				CLANG_WARN_CONSTANT_CONVERSION = YES;
				CLANG_WARN_DEPRECATED_OBJC_IMPLEMENTATIONS = YES;
				CLANG_WARN_DIRECT_OBJC_ISA_USAGE = YES_ERROR;
				CLANG_WARN_DOCUMENTATION_COMMENTS = YES;
				CLANG_WARN_EMPTY_BODY = YES;
				CLANG_WARN_ENUM_CONVERSION = YES;
				CLANG_WARN_INFINITE_RECURSION = YES;
				CLANG_WARN_INT_CONVERSION = YES;
				CLANG_WARN_NON_LITERAL_NULL_CONVERSION = YES;
				CLANG_WARN_OBJC_IMPLICIT_RETAIN_SELF = YES;
				CLANG_WARN_OBJC_LITERAL_CONVERSION = YES;
				CLANG_WARN_OBJC_ROOT_CLASS = YES_ERROR;
				CLANG_WARN_QUOTED_INCLUDE_IN_FRAMEWORK_HEADER = YES;
				CLANG_WARN_RANGE_LOOP_ANALYSIS = YES;
				CLANG_WARN_STRICT_PROTOTYPES = YES;
				CLANG_WARN_SUSPICIOUS_MOVE = YES;
				CLANG_WARN_UNGUARDED_AVAILABILITY = YES_AGGRESSIVE;
				CLANG_WARN_UNREACHABLE_CODE = YES;
				CLANG_WARN__DUPLICATE_METHOD_MATCH = YES;
				COPY_PHASE_STRIP = NO;
				DEBUG_INFORMATION_FORMAT = dwarf;
				ENABLE_STRICT_OBJC_MSGSEND = YES;
				ENABLE_TESTABILITY = YES;
				ENABLE_USER_SCRIPT_SANDBOXING = YES;
				GCC_C_LANGUAGE_STANDARD = gnu17;
				GCC_DYNAMIC_NO_PIC = NO;
				GCC_NO_COMMON_BLOCKS = YES;
				GCC_OPTIMIZATION_LEVEL = 0;
				GCC_PREPROCESSOR_DEFINITIONS = (
					"DEBUG=1",
					"$(inherited)",
				);
				GCC_WARN_64_TO_32_BIT_CONVERSION = YES;
				GCC_WARN_ABOUT_RETURN_TYPE = YES_ERROR;
				GCC_WARN_UNDECLARED_SELECTOR = YES;
				GCC_WARN_UNINITIALIZED_AUTOS = YES_AGGRESSIVE;
				GCC_WARN_UNUSED_FUNCTION = YES;
				GCC_WARN_UNUSED_VARIABLE = YES;
				IPHONEOS_DEPLOYMENT_TARGET = 18.0;
				LOCALIZATION_PREFERS_STRING_CATALOGS = YES;
				MTL_ENABLE_DEBUG_INFO = INCLUDE_SOURCE;
				MTL_FAST_MATH = YES;
				ONLY_ACTIVE_ARCH = YES;
				SDKROOT = iphoneos;
				SWIFT_ACTIVE_COMPILATION_CONDITIONS = "DEBUG $(inherited)";
				SWIFT_OPTIMIZATION_LEVEL = "-Onone";
			};
			name = Debug;
		};
		14DCB80F2CB0146A00376761 /* Release */ = {
			isa = XCBuildConfiguration;
			buildSettings = {
				ALWAYS_SEARCH_USER_PATHS = NO;
				ASSETCATALOG_COMPILER_GENERATE_SWIFT_ASSET_SYMBOL_EXTENSIONS = YES;
				CLANG_ANALYZER_NONNULL = YES;
				CLANG_ANALYZER_NUMBER_OBJECT_CONVERSION = YES_AGGRESSIVE;
				CLANG_CXX_LANGUAGE_STANDARD = "gnu++20";
				CLANG_ENABLE_MODULES = YES;
				CLANG_ENABLE_OBJC_ARC = YES;
				CLANG_ENABLE_OBJC_WEAK = YES;
				CLANG_WARN_BLOCK_CAPTURE_AUTORELEASING = YES;
				CLANG_WARN_BOOL_CONVERSION = YES;
				CLANG_WARN_COMMA = YES;
				CLANG_WARN_CONSTANT_CONVERSION = YES;
				CLANG_WARN_DEPRECATED_OBJC_IMPLEMENTATIONS = YES;
				CLANG_WARN_DIRECT_OBJC_ISA_USAGE = YES_ERROR;
				CLANG_WARN_DOCUMENTATION_COMMENTS = YES;
				CLANG_WARN_EMPTY_BODY = YES;
				CLANG_WARN_ENUM_CONVERSION = YES;
				CLANG_WARN_INFINITE_RECURSION = YES;
				CLANG_WARN_INT_CONVERSION = YES;
				CLANG_WARN_NON_LITERAL_NULL_CONVERSION = YES;
				CLANG_WARN_OBJC_IMPLICIT_RETAIN_SELF = YES;
				CLANG_WARN_OBJC_LITERAL_CONVERSION = YES;
				CLANG_WARN_OBJC_ROOT_CLASS = YES_ERROR;
				CLANG_WARN_QUOTED_INCLUDE_IN_FRAMEWORK_HEADER = YES;
				CLANG_WARN_RANGE_LOOP_ANALYSIS = YES;
				CLANG_WARN_STRICT_PROTOTYPES = YES;
				CLANG_WARN_SUSPICIOUS_MOVE = YES;
				CLANG_WARN_UNGUARDED_AVAILABILITY = YES_AGGRESSIVE;
				CLANG_WARN_UNREACHABLE_CODE = YES;
				CLANG_WARN__DUPLICATE_METHOD_MATCH = YES;
				COPY_PHASE_STRIP = NO;
				DEBUG_INFORMATION_FORMAT = "dwarf-with-dsym";
				ENABLE_NS_ASSERTIONS = NO;
				ENABLE_STRICT_OBJC_MSGSEND = YES;
				ENABLE_USER_SCRIPT_SANDBOXING = YES;
				GCC_C_LANGUAGE_STANDARD = gnu17;
				GCC_NO_COMMON_BLOCKS = YES;
				GCC_WARN_64_TO_32_BIT_CONVERSION = YES;
				GCC_WARN_ABOUT_RETURN_TYPE = YES_ERROR;
				GCC_WARN_UNDECLARED_SELECTOR = YES;
				GCC_WARN_UNINITIALIZED_AUTOS = YES_AGGRESSIVE;
				GCC_WARN_UNUSED_FUNCTION = YES;
				GCC_WARN_UNUSED_VARIABLE = YES;
				IPHONEOS_DEPLOYMENT_TARGET = 18.0;
				LOCALIZATION_PREFERS_STRING_CATALOGS = YES;
				MTL_ENABLE_DEBUG_INFO = NO;
				MTL_FAST_MATH = YES;
				SDKROOT = iphoneos;
				SWIFT_COMPILATION_MODE = wholemodule;
				VALIDATE_PRODUCT = YES;
			};
			name = Release;
		};
		14DCB8112CB0146A00376761 /* Debug */ = {
			isa = XCBuildConfiguration;
			buildSettings = {
				ASSETCATALOG_COMPILER_APPICON_NAME = AppIcon;
				ASSETCATALOG_COMPILER_GLOBAL_ACCENT_COLOR_NAME = AccentColor;
				CODE_SIGN_STYLE = Automatic;
				CURRENT_PROJECT_VERSION = 1;
				DEVELOPMENT_ASSET_PATHS = "\"Project 8.MoonShot/Preview Content\"";
				ENABLE_PREVIEWS = YES;
				GENERATE_INFOPLIST_FILE = YES;
				INFOPLIST_KEY_UIApplicationSceneManifest_Generation = YES;
				INFOPLIST_KEY_UIApplicationSupportsIndirectInputEvents = YES;
				INFOPLIST_KEY_UILaunchScreen_Generation = YES;
				INFOPLIST_KEY_UISupportedInterfaceOrientations_iPad = "UIInterfaceOrientationPortrait UIInterfaceOrientationPortraitUpsideDown UIInterfaceOrientationLandscapeLeft UIInterfaceOrientationLandscapeRight";
				INFOPLIST_KEY_UISupportedInterfaceOrientations_iPhone = "UIInterfaceOrientationPortrait UIInterfaceOrientationLandscapeLeft UIInterfaceOrientationLandscapeRight";
				LD_RUNPATH_SEARCH_PATHS = (
					"$(inherited)",
					"@executable_path/Frameworks",
				);
				MARKETING_VERSION = 1.0;
				PRODUCT_BUNDLE_IDENTIFIER = "name.fernandojurado.Project-8-MoonShot";
				PRODUCT_NAME = "$(TARGET_NAME)";
				SWIFT_EMIT_LOC_STRINGS = YES;
				SWIFT_VERSION = 5.0;
				TARGETED_DEVICE_FAMILY = "1,2";
			};
			name = Debug;
		};
		14DCB8122CB0146A00376761 /* Release */ = {
			isa = XCBuildConfiguration;
			buildSettings = {
				ASSETCATALOG_COMPILER_APPICON_NAME = AppIcon;
				ASSETCATALOG_COMPILER_GLOBAL_ACCENT_COLOR_NAME = AccentColor;
				CODE_SIGN_STYLE = Automatic;
				CURRENT_PROJECT_VERSION = 1;
				DEVELOPMENT_ASSET_PATHS = "\"Project 8.MoonShot/Preview Content\"";
				ENABLE_PREVIEWS = YES;
				GENERATE_INFOPLIST_FILE = YES;
				INFOPLIST_KEY_UIApplicationSceneManifest_Generation = YES;
				INFOPLIST_KEY_UIApplicationSupportsIndirectInputEvents = YES;
				INFOPLIST_KEY_UILaunchScreen_Generation = YES;
				INFOPLIST_KEY_UISupportedInterfaceOrientations_iPad = "UIInterfaceOrientationPortrait UIInterfaceOrientationPortraitUpsideDown UIInterfaceOrientationLandscapeLeft UIInterfaceOrientationLandscapeRight";
				INFOPLIST_KEY_UISupportedInterfaceOrientations_iPhone = "UIInterfaceOrientationPortrait UIInterfaceOrientationLandscapeLeft UIInterfaceOrientationLandscapeRight";
				LD_RUNPATH_SEARCH_PATHS = (
					"$(inherited)",
					"@executable_path/Frameworks",
				);
				MARKETING_VERSION = 1.0;
				PRODUCT_BUNDLE_IDENTIFIER = "name.fernandojurado.Project-8-MoonShot";
				PRODUCT_NAME = "$(TARGET_NAME)";
				SWIFT_EMIT_LOC_STRINGS = YES;
				SWIFT_VERSION = 5.0;
				TARGETED_DEVICE_FAMILY = "1,2";
			};
			name = Release;
		};
		14DCB8142CB0146A00376761 /* Debug */ = {
			isa = XCBuildConfiguration;
			buildSettings = {
				BUNDLE_LOADER = "$(TEST_HOST)";
				CODE_SIGN_STYLE = Automatic;
				CURRENT_PROJECT_VERSION = 1;
				GENERATE_INFOPLIST_FILE = YES;
				IPHONEOS_DEPLOYMENT_TARGET = 18.0;
				MARKETING_VERSION = 1.0;
				PRODUCT_BUNDLE_IDENTIFIER = "name.fernandojurado.Project-8-MoonShotTests";
				PRODUCT_NAME = "$(TARGET_NAME)";
				SWIFT_EMIT_LOC_STRINGS = NO;
				SWIFT_VERSION = 5.0;
				TARGETED_DEVICE_FAMILY = "1,2";
				TEST_HOST = "$(BUILT_PRODUCTS_DIR)/Project 8.MoonShot.app/$(BUNDLE_EXECUTABLE_FOLDER_PATH)/Project 8.MoonShot";
			};
			name = Debug;
		};
		14DCB8152CB0146A00376761 /* Release */ = {
			isa = XCBuildConfiguration;
			buildSettings = {
				BUNDLE_LOADER = "$(TEST_HOST)";
				CODE_SIGN_STYLE = Automatic;
				CURRENT_PROJECT_VERSION = 1;
				GENERATE_INFOPLIST_FILE = YES;
				IPHONEOS_DEPLOYMENT_TARGET = 18.0;
				MARKETING_VERSION = 1.0;
				PRODUCT_BUNDLE_IDENTIFIER = "name.fernandojurado.Project-8-MoonShotTests";
				PRODUCT_NAME = "$(TARGET_NAME)";
				SWIFT_EMIT_LOC_STRINGS = NO;
				SWIFT_VERSION = 5.0;
				TARGETED_DEVICE_FAMILY = "1,2";
				TEST_HOST = "$(BUILT_PRODUCTS_DIR)/Project 8.MoonShot.app/$(BUNDLE_EXECUTABLE_FOLDER_PATH)/Project 8.MoonShot";
			};
			name = Release;
		};
		14DCB8172CB0146A00376761 /* Debug */ = {
			isa = XCBuildConfiguration;
			buildSettings = {
				CODE_SIGN_STYLE = Automatic;
				CURRENT_PROJECT_VERSION = 1;
				GENERATE_INFOPLIST_FILE = YES;
				MARKETING_VERSION = 1.0;
				PRODUCT_BUNDLE_IDENTIFIER = "name.fernandojurado.Project-8-MoonShotUITests";
				PRODUCT_NAME = "$(TARGET_NAME)";
				SWIFT_EMIT_LOC_STRINGS = NO;
				SWIFT_VERSION = 5.0;
				TARGETED_DEVICE_FAMILY = "1,2";
				TEST_TARGET_NAME = "Project 8.MoonShot";
			};
			name = Debug;
		};
		14DCB8182CB0146A00376761 /* Release */ = {
			isa = XCBuildConfiguration;
			buildSettings = {
				CODE_SIGN_STYLE = Automatic;
				CURRENT_PROJECT_VERSION = 1;
				GENERATE_INFOPLIST_FILE = YES;
				MARKETING_VERSION = 1.0;
				PRODUCT_BUNDLE_IDENTIFIER = "name.fernandojurado.Project-8-MoonShotUITests";
				PRODUCT_NAME = "$(TARGET_NAME)";
				SWIFT_EMIT_LOC_STRINGS = NO;
				SWIFT_VERSION = 5.0;
				TARGETED_DEVICE_FAMILY = "1,2";
				TEST_TARGET_NAME = "Project 8.MoonShot";
			};
			name = Release;
		};
/* End XCBuildConfiguration section */

/* Begin XCConfigurationList section */
		14DCB7E72CB0146800376761 /* Build configuration list for PBXProject "Project 8.MoonShot" */ = {
			isa = XCConfigurationList;
			buildConfigurations = (
				14DCB80E2CB0146A00376761 /* Debug */,
				14DCB80F2CB0146A00376761 /* Release */,
			);
			defaultConfigurationIsVisible = 0;
			defaultConfigurationName = Release;
		};
		14DCB8102CB0146A00376761 /* Build configuration list for PBXNativeTarget "Project 8.MoonShot" */ = {
			isa = XCConfigurationList;
			buildConfigurations = (
				14DCB8112CB0146A00376761 /* Debug */,
				14DCB8122CB0146A00376761 /* Release */,
			);
			defaultConfigurationIsVisible = 0;
			defaultConfigurationName = Release;
		};
		14DCB8132CB0146A00376761 /* Build configuration list for PBXNativeTarget "Project 8.MoonShotTests" */ = {
			isa = XCConfigurationList;
			buildConfigurations = (
				14DCB8142CB0146A00376761 /* Debug */,
				14DCB8152CB0146A00376761 /* Release */,
			);
			defaultConfigurationIsVisible = 0;
			defaultConfigurationName = Release;
		};
		14DCB8162CB0146A00376761 /* Build configuration list for PBXNativeTarget "Project 8.MoonShotUITests" */ = {
			isa = XCConfigurationList;
			buildConfigurations = (
				14DCB8172CB0146A00376761 /* Debug */,
				14DCB8182CB0146A00376761 /* Release */,
			);
			defaultConfigurationIsVisible = 0;
			defaultConfigurationName = Release;
		};
/* End XCConfigurationList section */
	};
	rootObject = 14DCB7E42CB0146800376761 /* Project object */;
}
