// !$*UTF8*$!
{
	archiveVersion = 1;
	classes = {
	};
	objectVersion = 77;
	objects = {

/* Begin PBXBuildFile section */
		14E274A12D46C451003B4FED /* AddPhotoView.swift in Sources */ = {isa = PBXBuildFile; fileRef = 14E2749A2D46C451003B4FED /* AddPhotoView.swift */; };
		14E274A22D46C451003B4FED /* ContentView.swift in Sources */ = {isa = PBXBuildFile; fileRef = 14E2749C2D46C451003B4FED /* ContentView.swift */; };
		14E274A32D46C451003B4FED /* DetailPhotoView.swift in Sources */ = {isa = PBXBuildFile; fileRef = 14E2749D2D46C451003B4FED /* DetailPhotoView.swift */; };
		14E274A42D46C451003B4FED /* Project16_TreasureMomentApp.swift in Sources */ = {isa = PBXBuildFile; fileRef = 14E2749E2D46C451003B4FED /* Project16_TreasureMomentApp.swift */; };
		14E274A52D46C451003B4FED /* User.swift in Sources */ = {isa = PBXBuildFile; fileRef = 14E2749F2D46C451003B4FED /* User.swift */; };
		14E274A62D46C451003B4FED /* Preview Assets.xcassets in Resources */ = {isa = PBXBuildFile; fileRef = 14E274982D46C451003B4FED /* Preview Assets.xcassets */; };
		14E274A72D46C451003B4FED /* Assets.xcassets in Resources */ = {isa = PBXBuildFile; fileRef = 14E2749B2D46C451003B4FED /* Assets.xcassets */; };
		14E274EA2D495B46003B4FED /* LocationFetcher.swift in Sources */ = {isa = PBXBuildFile; fileRef = 14E274E92D495B46003B4FED /* LocationFetcher.swift */; };
/* End PBXBuildFile section */

/* Begin PBXFileReference section */
		14E274612D440FD6003B4FED /* Project16.TreasureMoment.app */ = {isa = PBXFileReference; explicitFileType = wrapper.application; includeInIndex = 0; path = Project16.TreasureMoment.app; sourceTree = BUILT_PRODUCTS_DIR; };
		14E274982D46C451003B4FED /* Preview Assets.xcassets */ = {isa = PBXFileReference; lastKnownFileType = folder.assetcatalog; path = "Preview Assets.xcassets"; sourceTree = "<group>"; };
		14E2749A2D46C451003B4FED /* AddPhotoView.swift */ = {isa = PBXFileReference; lastKnownFileType = sourcecode.swift; path = AddPhotoView.swift; sourceTree = "<group>"; };
		14E2749B2D46C451003B4FED /* Assets.xcassets */ = {isa = PBXFileReference; lastKnownFileType = folder.assetcatalog; path = Assets.xcassets; sourceTree = "<group>"; };
		14E2749C2D46C451003B4FED /* ContentView.swift */ = {isa = PBXFileReference; lastKnownFileType = sourcecode.swift; path = ContentView.swift; sourceTree = "<group>"; };
		14E2749D2D46C451003B4FED /* DetailPhotoView.swift */ = {isa = PBXFileReference; lastKnownFileType = sourcecode.swift; path = DetailPhotoView.swift; sourceTree = "<group>"; };
		14E2749E2D46C451003B4FED /* Project16_TreasureMomentApp.swift */ = {isa = PBXFileReference; lastKnownFileType = sourcecode.swift; path = Project16_TreasureMomentApp.swift; sourceTree = "<group>"; };
		14E2749F2D46C451003B4FED /* User.swift */ = {isa = PBXFileReference; lastKnownFileType = sourcecode.swift; path = User.swift; sourceTree = "<group>"; };
		14E274E92D495B46003B4FED /* LocationFetcher.swift */ = {isa = PBXFileReference; lastKnownFileType = sourcecode.swift; path = LocationFetcher.swift; sourceTree = "<group>"; };
/* End PBXFileReference section */

/* Begin PBXFrameworksBuildPhase section */
		14E2745E2D440FD6003B4FED /* Frameworks */ = {
			isa = PBXFrameworksBuildPhase;
			buildActionMask = 2147483647;
			files = (
			);
			runOnlyForDeploymentPostprocessing = 0;
		};
/* End PBXFrameworksBuildPhase section */

/* Begin PBXGroup section */
		14E274582D440FD6003B4FED = {
			isa = PBXGroup;
			children = (
				14E274A02D46C451003B4FED /* Project16.TreasureMoment */,
				14E274622D440FD6003B4FED /* Products */,
			);
			sourceTree = "<group>";
		};
		14E274622D440FD6003B4FED /* Products */ = {
			isa = PBXGroup;
			children = (
				14E274612D440FD6003B4FED /* Project16.TreasureMoment.app */,
			);
			name = Products;
			sourceTree = "<group>";
		};
		14E274992D46C451003B4FED /* Preview Content */ = {
			isa = PBXGroup;
			children = (
				14E274982D46C451003B4FED /* Preview Assets.xcassets */,
				14E2749B2D46C451003B4FED /* Assets.xcassets */,
			);
			path = "Preview Content";
			sourceTree = "<group>";
		};
		14E274A02D46C451003B4FED /* Project16.TreasureMoment */ = {
			isa = PBXGroup;
			children = (
				14E274992D46C451003B4FED /* Preview Content */,
				14E274EC2D4BB08B003B4FED /* Models */,
				14E2749E2D46C451003B4FED /* Project16_TreasureMomentApp.swift */,
				14E2749C2D46C451003B4FED /* ContentView.swift */,
				14E274EB2D4BAFF0003B4FED /* Views */,
			);
			path = Project16.TreasureMoment;
			sourceTree = "<group>";
		};
		14E274EB2D4BAFF0003B4FED /* Views */ = {
			isa = PBXGroup;
			children = (
				14E2749D2D46C451003B4FED /* DetailPhotoView.swift */,
				14E2749A2D46C451003B4FED /* AddPhotoView.swift */,
			);
			path = Views;
			sourceTree = "<group>";
		};
		14E274EC2D4BB08B003B4FED /* Models */ = {
			isa = PBXGroup;
			children = (
				14E274E92D495B46003B4FED /* LocationFetcher.swift */,
				14E2749F2D46C451003B4FED /* User.swift */,
			);
			path = Models;
			sourceTree = "<group>";
		};
/* End PBXGroup section */

/* Begin PBXNativeTarget section */
		14E274602D440FD6003B4FED /* Project16.TreasureMoment */ = {
			isa = PBXNativeTarget;
			buildConfigurationList = 14E2746F2D440FD8003B4FED /* Build configuration list for PBXNativeTarget "Project16.TreasureMoment" */;
			buildPhases = (
				14E2745D2D440FD6003B4FED /* Sources */,
				14E2745E2D440FD6003B4FED /* Frameworks */,
				14E2745F2D440FD6003B4FED /* Resources */,
			);
			buildRules = (
			);
			dependencies = (
			);
			name = Project16.TreasureMoment;
			packageProductDependencies = (
			);
			productName = Project16.TreasureMoment;
			productReference = 14E274612D440FD6003B4FED /* Project16.TreasureMoment.app */;
			productType = "com.apple.product-type.application";
		};
/* End PBXNativeTarget section */

/* Begin PBXProject section */
		14E274592D440FD6003B4FED /* Project object */ = {
			isa = PBXProject;
			attributes = {
				BuildIndependentTargetsInParallel = 1;
				LastSwiftUpdateCheck = 1620;
				LastUpgradeCheck = 1620;
				TargetAttributes = {
					14E274602D440FD6003B4FED = {
						CreatedOnToolsVersion = 16.2;
					};
				};
			};
			buildConfigurationList = 14E2745C2D440FD6003B4FED /* Build configuration list for PBXProject "Project16.TreasureMoment" */;
			developmentRegion = en;
			hasScannedForEncodings = 0;
			knownRegions = (
				en,
				Base,
			);
			mainGroup = 14E274582D440FD6003B4FED;
			minimizedProjectReferenceProxies = 1;
			preferredProjectObjectVersion = 77;
			productRefGroup = 14E274622D440FD6003B4FED /* Products */;
			projectDirPath = "";
			projectRoot = "";
			targets = (
				14E274602D440FD6003B4FED /* Project16.TreasureMoment */,
			);
		};
/* End PBXProject section */

/* Begin PBXResourcesBuildPhase section */
		14E2745F2D440FD6003B4FED /* Resources */ = {
			isa = PBXResourcesBuildPhase;
			buildActionMask = 2147483647;
			files = (
				14E274A62D46C451003B4FED /* Preview Assets.xcassets in Resources */,
				14E274A72D46C451003B4FED /* Assets.xcassets in Resources */,
			);
			runOnlyForDeploymentPostprocessing = 0;
		};
/* End PBXResourcesBuildPhase section */

/* Begin PBXSourcesBuildPhase section */
		14E2745D2D440FD6003B4FED /* Sources */ = {
			isa = PBXSourcesBuildPhase;
			buildActionMask = 2147483647;
			files = (
				14E274A12D46C451003B4FED /* AddPhotoView.swift in Sources */,
				14E274A22D46C451003B4FED /* ContentView.swift in Sources */,
				14E274EA2D495B46003B4FED /* LocationFetcher.swift in Sources */,
				14E274A32D46C451003B4FED /* DetailPhotoView.swift in Sources */,
				14E274A42D46C451003B4FED /* Project16_TreasureMomentApp.swift in Sources */,
				14E274A52D46C451003B4FED /* User.swift in Sources */,
			);
			runOnlyForDeploymentPostprocessing = 0;
		};
/* End PBXSourcesBuildPhase section */

/* Begin XCBuildConfiguration section */
		14E2746D2D440FD8003B4FED /* Debug */ = {
			isa = XCBuildConfiguration;
			buildSettings = {
				ALWAYS_SEARCH_USER_PATHS = NO;
				ASSETCATALOG_COMPILER_GENERATE_SWIFT_ASSET_SYMBOL_EXTENSIONS = YES;
				CLANG_ANALYZER_NONNULL = YES;
				CLANG_ANALYZER_NUMBER_OBJECT_CONVERSION = YES_AGGRESSIVE;
				CLANG_CXX_LANGUAGE_STANDARD = "gnu++20";
				CLANG_ENABLE_MODULES = YES;
				CLANG_ENABLE_OBJC_ARC = YES;
				CLANG_ENABLE_OBJC_WEAK = YES;
				CLANG_WARN_BLOCK_CAPTURE_AUTORELEASING = YES;
				CLANG_WARN_BOOL_CONVERSION = YES;
				CLANG_WARN_COMMA = YES;
				CLANG_WARN_CONSTANT_CONVERSION = YES;
				CLANG_WARN_DEPRECATED_OBJC_IMPLEMENTATIONS = YES;
				CLANG_WARN_DIRECT_OBJC_ISA_USAGE = YES_ERROR;
				CLANG_WARN_DOCUMENTATION_COMMENTS = YES;
				CLANG_WARN_EMPTY_BODY = YES;
				CLANG_WARN_ENUM_CONVERSION = YES;
				CLANG_WARN_INFINITE_RECURSION = YES;
				CLANG_WARN_INT_CONVERSION = YES;
				CLANG_WARN_NON_LITERAL_NULL_CONVERSION = YES;
				CLANG_WARN_OBJC_IMPLICIT_RETAIN_SELF = YES;
				CLANG_WARN_OBJC_LITERAL_CONVERSION = YES;
				CLANG_WARN_OBJC_ROOT_CLASS = YES_ERROR;
				CLANG_WARN_QUOTED_INCLUDE_IN_FRAMEWORK_HEADER = YES;
				CLANG_WARN_RANGE_LOOP_ANALYSIS = YES;
				CLANG_WARN_STRICT_PROTOTYPES = YES;
				CLANG_WARN_SUSPICIOUS_MOVE = YES;
				CLANG_WARN_UNGUARDED_AVAILABILITY = YES_AGGRESSIVE;
				CLANG_WARN_UNREACHABLE_CODE = YES;
				CLANG_WARN__DUPLICATE_METHOD_MATCH = YES;
				COPY_PHASE_STRIP = NO;
				DEBUG_INFORMATION_FORMAT = dwarf;
				ENABLE_STRICT_OBJC_MSGSEND = YES;
				ENABLE_TESTABILITY = YES;
				ENABLE_USER_SCRIPT_SANDBOXING = YES;
				GCC_C_LANGUAGE_STANDARD = gnu17;
				GCC_DYNAMIC_NO_PIC = NO;
				GCC_NO_COMMON_BLOCKS = YES;
				GCC_OPTIMIZATION_LEVEL = 0;
				GCC_PREPROCESSOR_DEFINITIONS = (
					"DEBUG=1",
					"$(inherited)",
				);
				GCC_WARN_64_TO_32_BIT_CONVERSION = YES;
				GCC_WARN_ABOUT_RETURN_TYPE = YES_ERROR;
				GCC_WARN_UNDECLARED_SELECTOR = YES;
				GCC_WARN_UNINITIALIZED_AUTOS = YES_AGGRESSIVE;
				GCC_WARN_UNUSED_FUNCTION = YES;
				GCC_WARN_UNUSED_VARIABLE = YES;
				IPHONEOS_DEPLOYMENT_TARGET = 18.2;
				LOCALIZATION_PREFERS_STRING_CATALOGS = YES;
				MTL_ENABLE_DEBUG_INFO = INCLUDE_SOURCE;
				MTL_FAST_MATH = YES;
				ONLY_ACTIVE_ARCH = YES;
				SDKROOT = iphoneos;
				SWIFT_ACTIVE_COMPILATION_CONDITIONS = "DEBUG $(inherited)";
				SWIFT_OPTIMIZATION_LEVEL = "-Onone";
			};
			name = Debug;
		};
		14E2746E2D440FD8003B4FED /* Release */ = {
			isa = XCBuildConfiguration;
			buildSettings = {
				ALWAYS_SEARCH_USER_PATHS = NO;
				ASSETCATALOG_COMPILER_GENERATE_SWIFT_ASSET_SYMBOL_EXTENSIONS = YES;
				CLANG_ANALYZER_NONNULL = YES;
				CLANG_ANALYZER_NUMBER_OBJECT_CONVERSION = YES_AGGRESSIVE;
				CLANG_CXX_LANGUAGE_STANDARD = "gnu++20";
				CLANG_ENABLE_MODULES = YES;
				CLANG_ENABLE_OBJC_ARC = YES;
				CLANG_ENABLE_OBJC_WEAK = YES;
				CLANG_WARN_BLOCK_CAPTURE_AUTORELEASING = YES;
				CLANG_WARN_BOOL_CONVERSION = YES;
				CLANG_WARN_COMMA = YES;
				CLANG_WARN_CONSTANT_CONVERSION = YES;
				CLANG_WARN_DEPRECATED_OBJC_IMPLEMENTATIONS = YES;
				CLANG_WARN_DIRECT_OBJC_ISA_USAGE = YES_ERROR;
				CLANG_WARN_DOCUMENTATION_COMMENTS = YES;
				CLANG_WARN_EMPTY_BODY = YES;
				CLANG_WARN_ENUM_CONVERSION = YES;
				CLANG_WARN_INFINITE_RECURSION = YES;
				CLANG_WARN_INT_CONVERSION = YES;
				CLANG_WARN_NON_LITERAL_NULL_CONVERSION = YES;
				CLANG_WARN_OBJC_IMPLICIT_RETAIN_SELF = YES;
				CLANG_WARN_OBJC_LITERAL_CONVERSION = YES;
				CLANG_WARN_OBJC_ROOT_CLASS = YES_ERROR;
				CLANG_WARN_QUOTED_INCLUDE_IN_FRAMEWORK_HEADER = YES;
				CLANG_WARN_RANGE_LOOP_ANALYSIS = YES;
				CLANG_WARN_STRICT_PROTOTYPES = YES;
				CLANG_WARN_SUSPICIOUS_MOVE = YES;
				CLANG_WARN_UNGUARDED_AVAILABILITY = YES_AGGRESSIVE;
				CLANG_WARN_UNREACHABLE_CODE = YES;
				CLANG_WARN__DUPLICATE_METHOD_MATCH = YES;
				COPY_PHASE_STRIP = NO;
				DEBUG_INFORMATION_FORMAT = "dwarf-with-dsym";
				ENABLE_NS_ASSERTIONS = NO;
				ENABLE_STRICT_OBJC_MSGSEND = YES;
				ENABLE_USER_SCRIPT_SANDBOXING = YES;
				GCC_C_LANGUAGE_STANDARD = gnu17;
				GCC_NO_COMMON_BLOCKS = YES;
				GCC_WARN_64_TO_32_BIT_CONVERSION = YES;
				GCC_WARN_ABOUT_RETURN_TYPE = YES_ERROR;
				GCC_WARN_UNDECLARED_SELECTOR = YES;
				GCC_WARN_UNINITIALIZED_AUTOS = YES_AGGRESSIVE;
				GCC_WARN_UNUSED_FUNCTION = YES;
				GCC_WARN_UNUSED_VARIABLE = YES;
				IPHONEOS_DEPLOYMENT_TARGET = 18.2;
				LOCALIZATION_PREFERS_STRING_CATALOGS = YES;
				MTL_ENABLE_DEBUG_INFO = NO;
				MTL_FAST_MATH = YES;
				SDKROOT = iphoneos;
				SWIFT_COMPILATION_MODE = wholemodule;
				VALIDATE_PRODUCT = YES;
			};
			name = Release;
		};
		14E274702D440FD8003B4FED /* Debug */ = {
			isa = XCBuildConfiguration;
			buildSettings = {
				ASSETCATALOG_COMPILER_APPICON_NAME = AppIcon;
				ASSETCATALOG_COMPILER_GLOBAL_ACCENT_COLOR_NAME = AccentColor;
				CODE_SIGN_STYLE = Automatic;
				CURRENT_PROJECT_VERSION = 1;
				DEVELOPMENT_ASSET_PATHS = "\"Project16.TreasureMoment/Preview Content\"";
				ENABLE_PREVIEWS = YES;
				GENERATE_INFOPLIST_FILE = YES;
				INFOPLIST_KEY_NSLocationWhenInUseUsageDescription = "La app necesita tu permiso para su ubicacion";
				INFOPLIST_KEY_UIApplicationSceneManifest_Generation = YES;
				INFOPLIST_KEY_UIApplicationSupportsIndirectInputEvents = YES;
				INFOPLIST_KEY_UILaunchScreen_Generation = YES;
				INFOPLIST_KEY_UISupportedInterfaceOrientations_iPad = "UIInterfaceOrientationPortrait UIInterfaceOrientationPortraitUpsideDown UIInterfaceOrientationLandscapeLeft UIInterfaceOrientationLandscapeRight";
				INFOPLIST_KEY_UISupportedInterfaceOrientations_iPhone = "UIInterfaceOrientationPortrait UIInterfaceOrientationLandscapeLeft UIInterfaceOrientationLandscapeRight";
				LD_RUNPATH_SEARCH_PATHS = (
					"$(inherited)",
					"@executable_path/Frameworks",
				);
				MARKETING_VERSION = 1.0;
				PRODUCT_BUNDLE_IDENTIFIER = "name.fernandojurado.Project16-TreasureMoment";
				PRODUCT_NAME = "$(TARGET_NAME)";
				SWIFT_EMIT_LOC_STRINGS = YES;
				SWIFT_VERSION = 5.0;
				TARGETED_DEVICE_FAMILY = "1,2";
			};
			name = Debug;
		};
		14E274712D440FD8003B4FED /* Release */ = {
			isa = XCBuildConfiguration;
			buildSettings = {
				ASSETCATALOG_COMPILER_APPICON_NAME = AppIcon;
				ASSETCATALOG_COMPILER_GLOBAL_ACCENT_COLOR_NAME = AccentColor;
				CODE_SIGN_STYLE = Automatic;
				CURRENT_PROJECT_VERSION = 1;
				DEVELOPMENT_ASSET_PATHS = "\"Project16.TreasureMoment/Preview Content\"";
				ENABLE_PREVIEWS = YES;
				GENERATE_INFOPLIST_FILE = YES;
				INFOPLIST_KEY_NSLocationWhenInUseUsageDescription = "La app necesita tu permiso para su ubicacion";
				INFOPLIST_KEY_UIApplicationSceneManifest_Generation = YES;
				INFOPLIST_KEY_UIApplicationSupportsIndirectInputEvents = YES;
				INFOPLIST_KEY_UILaunchScreen_Generation = YES;
				INFOPLIST_KEY_UISupportedInterfaceOrientations_iPad = "UIInterfaceOrientationPortrait UIInterfaceOrientationPortraitUpsideDown UIInterfaceOrientationLandscapeLeft UIInterfaceOrientationLandscapeRight";
				INFOPLIST_KEY_UISupportedInterfaceOrientations_iPhone = "UIInterfaceOrientationPortrait UIInterfaceOrientationLandscapeLeft UIInterfaceOrientationLandscapeRight";
				LD_RUNPATH_SEARCH_PATHS = (
					"$(inherited)",
					"@executable_path/Frameworks",
				);
				MARKETING_VERSION = 1.0;
				PRODUCT_BUNDLE_IDENTIFIER = "name.fernandojurado.Project16-TreasureMoment";
				PRODUCT_NAME = "$(TARGET_NAME)";
				SWIFT_EMIT_LOC_STRINGS = YES;
				SWIFT_VERSION = 5.0;
				TARGETED_DEVICE_FAMILY = "1,2";
			};
			name = Release;
		};
/* End XCBuildConfiguration section */

/* Begin XCConfigurationList section */
		14E2745C2D440FD6003B4FED /* Build configuration list for PBXProject "Project16.TreasureMoment" */ = {
			isa = XCConfigurationList;
			buildConfigurations = (
				14E2746D2D440FD8003B4FED /* Debug */,
				14E2746E2D440FD8003B4FED /* Release */,
			);
			defaultConfigurationIsVisible = 0;
			defaultConfigurationName = Release;
		};
		14E2746F2D440FD8003B4FED /* Build configuration list for PBXNativeTarget "Project16.TreasureMoment" */ = {
			isa = XCConfigurationList;
			buildConfigurations = (
				14E274702D440FD8003B4FED /* Debug */,
				14E274712D440FD8003B4FED /* Release */,
			);
			defaultConfigurationIsVisible = 0;
			defaultConfigurationName = Release;
		};
/* End XCConfigurationList section */
	};
	rootObject = 14E274592D440FD6003B4FED /* Project object */;
}
