// !$*UTF8*$!
{
	archiveVersion = 1;
	classes = {
	};
	objectVersion = 56;
	objects = {

/* Begin PBXBuildFile section */
		14800C732C4AF21C008E2684 /* Project4_MilestoneApp.swift in Sources */ = {isa = PBXBuildFile; fileRef = 14800C722C4AF21C008E2684 /* Project4_MilestoneApp.swift */; };
		14800C752C4AF21C008E2684 /* ContentView.swift in Sources */ = {isa = PBXBuildFile; fileRef = 14800C742C4AF21C008E2684 /* ContentView.swift */; };
		14800C772C4AF21D008E2684 /* Assets.xcassets in Resources */ = {isa = PBXBuildFile; fileRef = 14800C762C4AF21D008E2684 /* Assets.xcassets */; };
		14800C7A2C4AF21D008E2684 /* Preview Assets.xcassets in Resources */ = {isa = PBXBuildFile; fileRef = 14800C792C4AF21D008E2684 /* Preview Assets.xcassets */; };
		14800C842C4AF21D008E2684 /* Project4_MilestoneTests.swift in Sources */ = {isa = PBXBuildFile; fileRef = 14800C832C4AF21D008E2684 /* Project4_MilestoneTests.swift */; };
		14800C8E2C4AF21D008E2684 /* Project4_MilestoneUITests.swift in Sources */ = {isa = PBXBuildFile; fileRef = 14800C8D2C4AF21D008E2684 /* Project4_MilestoneUITests.swift */; };
		14800C902C4AF21D008E2684 /* Project4_MilestoneUITestsLaunchTests.swift in Sources */ = {isa = PBXBuildFile; fileRef = 14800C8F2C4AF21D008E2684 /* Project4_MilestoneUITestsLaunchTests.swift */; };
/* End PBXBuildFile section */

/* Begin PBXContainerItemProxy section */
		14800C802C4AF21D008E2684 /* PBXContainerItemProxy */ = {
			isa = PBXContainerItemProxy;
			containerPortal = 14800C672C4AF21C008E2684 /* Project object */;
			proxyType = 1;
			remoteGlobalIDString = 14800C6E2C4AF21C008E2684;
			remoteInfo = Project4.Milestone;
		};
		14800C8A2C4AF21D008E2684 /* PBXContainerItemProxy */ = {
			isa = PBXContainerItemProxy;
			containerPortal = 14800C672C4AF21C008E2684 /* Project object */;
			proxyType = 1;
			remoteGlobalIDString = 14800C6E2C4AF21C008E2684;
			remoteInfo = Project4.Milestone;
		};
/* End PBXContainerItemProxy section */

/* Begin PBXFileReference section */
		14800C6F2C4AF21C008E2684 /* Project4.Milestone.app */ = {isa = PBXFileReference; explicitFileType = wrapper.application; includeInIndex = 0; path = Project4.Milestone.app; sourceTree = BUILT_PRODUCTS_DIR; };
		14800C722C4AF21C008E2684 /* Project4_MilestoneApp.swift */ = {isa = PBXFileReference; lastKnownFileType = sourcecode.swift; path = Project4_MilestoneApp.swift; sourceTree = "<group>"; };
		14800C742C4AF21C008E2684 /* ContentView.swift */ = {isa = PBXFileReference; lastKnownFileType = sourcecode.swift; path = ContentView.swift; sourceTree = "<group>"; };
		14800C762C4AF21D008E2684 /* Assets.xcassets */ = {isa = PBXFileReference; lastKnownFileType = folder.assetcatalog; path = Assets.xcassets; sourceTree = "<group>"; };
		14800C792C4AF21D008E2684 /* Preview Assets.xcassets */ = {isa = PBXFileReference; lastKnownFileType = folder.assetcatalog; path = "Preview Assets.xcassets"; sourceTree = "<group>"; };
		14800C7F2C4AF21D008E2684 /* Project4.MilestoneTests.xctest */ = {isa = PBXFileReference; explicitFileType = wrapper.cfbundle; includeInIndex = 0; path = Project4.MilestoneTests.xctest; sourceTree = BUILT_PRODUCTS_DIR; };
		14800C832C4AF21D008E2684 /* Project4_MilestoneTests.swift */ = {isa = PBXFileReference; lastKnownFileType = sourcecode.swift; path = Project4_MilestoneTests.swift; sourceTree = "<group>"; };
		14800C892C4AF21D008E2684 /* Project4.MilestoneUITests.xctest */ = {isa = PBXFileReference; explicitFileType = wrapper.cfbundle; includeInIndex = 0; path = Project4.MilestoneUITests.xctest; sourceTree = BUILT_PRODUCTS_DIR; };
		14800C8D2C4AF21D008E2684 /* Project4_MilestoneUITests.swift */ = {isa = PBXFileReference; lastKnownFileType = sourcecode.swift; path = Project4_MilestoneUITests.swift; sourceTree = "<group>"; };
		14800C8F2C4AF21D008E2684 /* Project4_MilestoneUITestsLaunchTests.swift */ = {isa = PBXFileReference; lastKnownFileType = sourcecode.swift; path = Project4_MilestoneUITestsLaunchTests.swift; sourceTree = "<group>"; };
/* End PBXFileReference section */

/* Begin PBXFrameworksBuildPhase section */
		14800C6C2C4AF21C008E2684 /* Frameworks */ = {
			isa = PBXFrameworksBuildPhase;
			buildActionMask = 2147483647;
			files = (
			);
			runOnlyForDeploymentPostprocessing = 0;
		};
		14800C7C2C4AF21D008E2684 /* Frameworks */ = {
			isa = PBXFrameworksBuildPhase;
			buildActionMask = 2147483647;
			files = (
			);
			runOnlyForDeploymentPostprocessing = 0;
		};
		14800C862C4AF21D008E2684 /* Frameworks */ = {
			isa = PBXFrameworksBuildPhase;
			buildActionMask = 2147483647;
			files = (
			);
			runOnlyForDeploymentPostprocessing = 0;
		};
/* End PBXFrameworksBuildPhase section */

/* Begin PBXGroup section */
		14800C662C4AF21C008E2684 = {
			isa = PBXGroup;
			children = (
				14800C712C4AF21C008E2684 /* Project4.Milestone */,
				14800C822C4AF21D008E2684 /* Project4.MilestoneTests */,
				14800C8C2C4AF21D008E2684 /* Project4.MilestoneUITests */,
				14800C702C4AF21C008E2684 /* Products */,
			);
			sourceTree = "<group>";
		};
		14800C702C4AF21C008E2684 /* Products */ = {
			isa = PBXGroup;
			children = (
				14800C6F2C4AF21C008E2684 /* Project4.Milestone.app */,
				14800C7F2C4AF21D008E2684 /* Project4.MilestoneTests.xctest */,
				14800C892C4AF21D008E2684 /* Project4.MilestoneUITests.xctest */,
			);
			name = Products;
			sourceTree = "<group>";
		};
		14800C712C4AF21C008E2684 /* Project4.Milestone */ = {
			isa = PBXGroup;
			children = (
				14B735E42C501C35005C1865 /* tutorial */,
				14800C722C4AF21C008E2684 /* Project4_MilestoneApp.swift */,
				14800C742C4AF21C008E2684 /* ContentView.swift */,
				14800C762C4AF21D008E2684 /* Assets.xcassets */,
				14800C782C4AF21D008E2684 /* Preview Content */,
			);
			path = Project4.Milestone;
			sourceTree = "<group>";
		};
		14800C782C4AF21D008E2684 /* Preview Content */ = {
			isa = PBXGroup;
			children = (
				14800C792C4AF21D008E2684 /* Preview Assets.xcassets */,
			);
			path = "Preview Content";
			sourceTree = "<group>";
		};
		14800C822C4AF21D008E2684 /* Project4.MilestoneTests */ = {
			isa = PBXGroup;
			children = (
				14800C832C4AF21D008E2684 /* Project4_MilestoneTests.swift */,
			);
			path = Project4.MilestoneTests;
			sourceTree = "<group>";
		};
		14800C8C2C4AF21D008E2684 /* Project4.MilestoneUITests */ = {
			isa = PBXGroup;
			children = (
				14800C8D2C4AF21D008E2684 /* Project4_MilestoneUITests.swift */,
				14800C8F2C4AF21D008E2684 /* Project4_MilestoneUITestsLaunchTests.swift */,
			);
			path = Project4.MilestoneUITests;
			sourceTree = "<group>";
		};
		14B735E42C501C35005C1865 /* tutorial */ = {
			isa = PBXGroup;
			children = (
			);
			path = tutorial;
			sourceTree = "<group>";
		};
/* End PBXGroup section */

/* Begin PBXNativeTarget section */
		14800C6E2C4AF21C008E2684 /* Project4.Milestone */ = {
			isa = PBXNativeTarget;
			buildConfigurationList = 14800C932C4AF21D008E2684 /* Build configuration list for PBXNativeTarget "Project4.Milestone" */;
			buildPhases = (
				14800C6B2C4AF21C008E2684 /* Sources */,
				14800C6C2C4AF21C008E2684 /* Frameworks */,
				14800C6D2C4AF21C008E2684 /* Resources */,
			);
			buildRules = (
			);
			dependencies = (
			);
			name = Project4.Milestone;
			productName = Project4.Milestone;
			productReference = 14800C6F2C4AF21C008E2684 /* Project4.Milestone.app */;
			productType = "com.apple.product-type.application";
		};
		14800C7E2C4AF21D008E2684 /* Project4.MilestoneTests */ = {
			isa = PBXNativeTarget;
			buildConfigurationList = 14800C962C4AF21D008E2684 /* Build configuration list for PBXNativeTarget "Project4.MilestoneTests" */;
			buildPhases = (
				14800C7B2C4AF21D008E2684 /* Sources */,
				14800C7C2C4AF21D008E2684 /* Frameworks */,
				14800C7D2C4AF21D008E2684 /* Resources */,
			);
			buildRules = (
			);
			dependencies = (
				14800C812C4AF21D008E2684 /* PBXTargetDependency */,
			);
			name = Project4.MilestoneTests;
			productName = Project4.MilestoneTests;
			productReference = 14800C7F2C4AF21D008E2684 /* Project4.MilestoneTests.xctest */;
			productType = "com.apple.product-type.bundle.unit-test";
		};
		14800C882C4AF21D008E2684 /* Project4.MilestoneUITests */ = {
			isa = PBXNativeTarget;
			buildConfigurationList = 14800C992C4AF21D008E2684 /* Build configuration list for PBXNativeTarget "Project4.MilestoneUITests" */;
			buildPhases = (
				14800C852C4AF21D008E2684 /* Sources */,
				14800C862C4AF21D008E2684 /* Frameworks */,
				14800C872C4AF21D008E2684 /* Resources */,
			);
			buildRules = (
			);
			dependencies = (
				14800C8B2C4AF21D008E2684 /* PBXTargetDependency */,
			);
			name = Project4.MilestoneUITests;
			productName = Project4.MilestoneUITests;
			productReference = 14800C892C4AF21D008E2684 /* Project4.MilestoneUITests.xctest */;
			productType = "com.apple.product-type.bundle.ui-testing";
		};
/* End PBXNativeTarget section */

/* Begin PBXProject section */
		14800C672C4AF21C008E2684 /* Project object */ = {
			isa = PBXProject;
			attributes = {
				BuildIndependentTargetsInParallel = 1;
				LastSwiftUpdateCheck = 1540;
				LastUpgradeCheck = 1540;
				TargetAttributes = {
					14800C6E2C4AF21C008E2684 = {
						CreatedOnToolsVersion = 15.4;
					};
					14800C7E2C4AF21D008E2684 = {
						CreatedOnToolsVersion = 15.4;
						TestTargetID = 14800C6E2C4AF21C008E2684;
					};
					14800C882C4AF21D008E2684 = {
						CreatedOnToolsVersion = 15.4;
						TestTargetID = 14800C6E2C4AF21C008E2684;
					};
				};
			};
			buildConfigurationList = 14800C6A2C4AF21C008E2684 /* Build configuration list for PBXProject "Project4.Milestone" */;
			compatibilityVersion = "Xcode 14.0";
			developmentRegion = en;
			hasScannedForEncodings = 0;
			knownRegions = (
				en,
				Base,
			);
			mainGroup = 14800C662C4AF21C008E2684;
			productRefGroup = 14800C702C4AF21C008E2684 /* Products */;
			projectDirPath = "";
			projectRoot = "";
			targets = (
				14800C6E2C4AF21C008E2684 /* Project4.Milestone */,
				14800C7E2C4AF21D008E2684 /* Project4.MilestoneTests */,
				14800C882C4AF21D008E2684 /* Project4.MilestoneUITests */,
			);
		};
/* End PBXProject section */

/* Begin PBXResourcesBuildPhase section */
		14800C6D2C4AF21C008E2684 /* Resources */ = {
			isa = PBXResourcesBuildPhase;
			buildActionMask = 2147483647;
			files = (
				14800C7A2C4AF21D008E2684 /* Preview Assets.xcassets in Resources */,
				14800C772C4AF21D008E2684 /* Assets.xcassets in Resources */,
			);
			runOnlyForDeploymentPostprocessing = 0;
		};
		14800C7D2C4AF21D008E2684 /* Resources */ = {
			isa = PBXResourcesBuildPhase;
			buildActionMask = 2147483647;
			files = (
			);
			runOnlyForDeploymentPostprocessing = 0;
		};
		14800C872C4AF21D008E2684 /* Resources */ = {
			isa = PBXResourcesBuildPhase;
			buildActionMask = 2147483647;
			files = (
			);
			runOnlyForDeploymentPostprocessing = 0;
		};
/* End PBXResourcesBuildPhase section */

/* Begin PBXSourcesBuildPhase section */
		14800C6B2C4AF21C008E2684 /* Sources */ = {
			isa = PBXSourcesBuildPhase;
			buildActionMask = 2147483647;
			files = (
				14800C752C4AF21C008E2684 /* ContentView.swift in Sources */,
				14800C732C4AF21C008E2684 /* Project4_MilestoneApp.swift in Sources */,
			);
			runOnlyForDeploymentPostprocessing = 0;
		};
		14800C7B2C4AF21D008E2684 /* Sources */ = {
			isa = PBXSourcesBuildPhase;
			buildActionMask = 2147483647;
			files = (
				14800C842C4AF21D008E2684 /* Project4_MilestoneTests.swift in Sources */,
			);
			runOnlyForDeploymentPostprocessing = 0;
		};
		14800C852C4AF21D008E2684 /* Sources */ = {
			isa = PBXSourcesBuildPhase;
			buildActionMask = 2147483647;
			files = (
				14800C902C4AF21D008E2684 /* Project4_MilestoneUITestsLaunchTests.swift in Sources */,
				14800C8E2C4AF21D008E2684 /* Project4_MilestoneUITests.swift in Sources */,
			);
			runOnlyForDeploymentPostprocessing = 0;
		};
/* End PBXSourcesBuildPhase section */

/* Begin PBXTargetDependency section */
		14800C812C4AF21D008E2684 /* PBXTargetDependency */ = {
			isa = PBXTargetDependency;
			target = 14800C6E2C4AF21C008E2684 /* Project4.Milestone */;
			targetProxy = 14800C802C4AF21D008E2684 /* PBXContainerItemProxy */;
		};
		14800C8B2C4AF21D008E2684 /* PBXTargetDependency */ = {
			isa = PBXTargetDependency;
			target = 14800C6E2C4AF21C008E2684 /* Project4.Milestone */;
			targetProxy = 14800C8A2C4AF21D008E2684 /* PBXContainerItemProxy */;
		};
/* End PBXTargetDependency section */

/* Begin XCBuildConfiguration section */
		14800C912C4AF21D008E2684 /* Debug */ = {
			isa = XCBuildConfiguration;
			buildSettings = {
				ALWAYS_SEARCH_USER_PATHS = NO;
				ASSETCATALOG_COMPILER_GENERATE_SWIFT_ASSET_SYMBOL_EXTENSIONS = YES;
				CLANG_ANALYZER_NONNULL = YES;
				CLANG_ANALYZER_NUMBER_OBJECT_CONVERSION = YES_AGGRESSIVE;
				CLANG_CXX_LANGUAGE_STANDARD = "gnu++20";
				CLANG_ENABLE_MODULES = YES;
				CLANG_ENABLE_OBJC_ARC = YES;
				CLANG_ENABLE_OBJC_WEAK = YES;
				CLANG_WARN_BLOCK_CAPTURE_AUTORELEASING = YES;
				CLANG_WARN_BOOL_CONVERSION = YES;
				CLANG_WARN_COMMA = YES;
				CLANG_WARN_CONSTANT_CONVERSION = YES;
				CLANG_WARN_DEPRECATED_OBJC_IMPLEMENTATIONS = YES;
				CLANG_WARN_DIRECT_OBJC_ISA_USAGE = YES_ERROR;
				CLANG_WARN_DOCUMENTATION_COMMENTS = YES;
				CLANG_WARN_EMPTY_BODY = YES;
				CLANG_WARN_ENUM_CONVERSION = YES;
				CLANG_WARN_INFINITE_RECURSION = YES;
				CLANG_WARN_INT_CONVERSION = YES;
				CLANG_WARN_NON_LITERAL_NULL_CONVERSION = YES;
				CLANG_WARN_OBJC_IMPLICIT_RETAIN_SELF = YES;
				CLANG_WARN_OBJC_LITERAL_CONVERSION = YES;
				CLANG_WARN_OBJC_ROOT_CLASS = YES_ERROR;
				CLANG_WARN_QUOTED_INCLUDE_IN_FRAMEWORK_HEADER = YES;
				CLANG_WARN_RANGE_LOOP_ANALYSIS = YES;
				CLANG_WARN_STRICT_PROTOTYPES = YES;
				CLANG_WARN_SUSPICIOUS_MOVE = YES;
				CLANG_WARN_UNGUARDED_AVAILABILITY = YES_AGGRESSIVE;
				CLANG_WARN_UNREACHABLE_CODE = YES;
				CLANG_WARN__DUPLICATE_METHOD_MATCH = YES;
				COPY_PHASE_STRIP = NO;
				DEBUG_INFORMATION_FORMAT = dwarf;
				ENABLE_STRICT_OBJC_MSGSEND = YES;
				ENABLE_TESTABILITY = YES;
				ENABLE_USER_SCRIPT_SANDBOXING = YES;
				GCC_C_LANGUAGE_STANDARD = gnu17;
				GCC_DYNAMIC_NO_PIC = NO;
				GCC_NO_COMMON_BLOCKS = YES;
				GCC_OPTIMIZATION_LEVEL = 0;
				GCC_PREPROCESSOR_DEFINITIONS = (
					"DEBUG=1",
					"$(inherited)",
				);
				GCC_WARN_64_TO_32_BIT_CONVERSION = YES;
				GCC_WARN_ABOUT_RETURN_TYPE = YES_ERROR;
				GCC_WARN_UNDECLARED_SELECTOR = YES;
				GCC_WARN_UNINITIALIZED_AUTOS = YES_AGGRESSIVE;
				GCC_WARN_UNUSED_FUNCTION = YES;
				GCC_WARN_UNUSED_VARIABLE = YES;
				IPHONEOS_DEPLOYMENT_TARGET = 17.5;
				LOCALIZATION_PREFERS_STRING_CATALOGS = YES;
				MTL_ENABLE_DEBUG_INFO = INCLUDE_SOURCE;
				MTL_FAST_MATH = YES;
				ONLY_ACTIVE_ARCH = YES;
				SDKROOT = iphoneos;
				SWIFT_ACTIVE_COMPILATION_CONDITIONS = "DEBUG $(inherited)";
				SWIFT_OPTIMIZATION_LEVEL = "-Onone";
			};
			name = Debug;
		};
		14800C922C4AF21D008E2684 /* Release */ = {
			isa = XCBuildConfiguration;
			buildSettings = {
				ALWAYS_SEARCH_USER_PATHS = NO;
				ASSETCATALOG_COMPILER_GENERATE_SWIFT_ASSET_SYMBOL_EXTENSIONS = YES;
				CLANG_ANALYZER_NONNULL = YES;
				CLANG_ANALYZER_NUMBER_OBJECT_CONVERSION = YES_AGGRESSIVE;
				CLANG_CXX_LANGUAGE_STANDARD = "gnu++20";
				CLANG_ENABLE_MODULES = YES;
				CLANG_ENABLE_OBJC_ARC = YES;
				CLANG_ENABLE_OBJC_WEAK = YES;
				CLANG_WARN_BLOCK_CAPTURE_AUTORELEASING = YES;
				CLANG_WARN_BOOL_CONVERSION = YES;
				CLANG_WARN_COMMA = YES;
				CLANG_WARN_CONSTANT_CONVERSION = YES;
				CLANG_WARN_DEPRECATED_OBJC_IMPLEMENTATIONS = YES;
				CLANG_WARN_DIRECT_OBJC_ISA_USAGE = YES_ERROR;
				CLANG_WARN_DOCUMENTATION_COMMENTS = YES;
				CLANG_WARN_EMPTY_BODY = YES;
				CLANG_WARN_ENUM_CONVERSION = YES;
				CLANG_WARN_INFINITE_RECURSION = YES;
				CLANG_WARN_INT_CONVERSION = YES;
				CLANG_WARN_NON_LITERAL_NULL_CONVERSION = YES;
				CLANG_WARN_OBJC_IMPLICIT_RETAIN_SELF = YES;
				CLANG_WARN_OBJC_LITERAL_CONVERSION = YES;
				CLANG_WARN_OBJC_ROOT_CLASS = YES_ERROR;
				CLANG_WARN_QUOTED_INCLUDE_IN_FRAMEWORK_HEADER = YES;
				CLANG_WARN_RANGE_LOOP_ANALYSIS = YES;
				CLANG_WARN_STRICT_PROTOTYPES = YES;
				CLANG_WARN_SUSPICIOUS_MOVE = YES;
				CLANG_WARN_UNGUARDED_AVAILABILITY = YES_AGGRESSIVE;
				CLANG_WARN_UNREACHABLE_CODE = YES;
				CLANG_WARN__DUPLICATE_METHOD_MATCH = YES;
				COPY_PHASE_STRIP = NO;
				DEBUG_INFORMATION_FORMAT = "dwarf-with-dsym";
				ENABLE_NS_ASSERTIONS = NO;
				ENABLE_STRICT_OBJC_MSGSEND = YES;
				ENABLE_USER_SCRIPT_SANDBOXING = YES;
				GCC_C_LANGUAGE_STANDARD = gnu17;
				GCC_NO_COMMON_BLOCKS = YES;
				GCC_WARN_64_TO_32_BIT_CONVERSION = YES;
				GCC_WARN_ABOUT_RETURN_TYPE = YES_ERROR;
				GCC_WARN_UNDECLARED_SELECTOR = YES;
				GCC_WARN_UNINITIALIZED_AUTOS = YES_AGGRESSIVE;
				GCC_WARN_UNUSED_FUNCTION = YES;
				GCC_WARN_UNUSED_VARIABLE = YES;
				IPHONEOS_DEPLOYMENT_TARGET = 17.5;
				LOCALIZATION_PREFERS_STRING_CATALOGS = YES;
				MTL_ENABLE_DEBUG_INFO = NO;
				MTL_FAST_MATH = YES;
				SDKROOT = iphoneos;
				SWIFT_COMPILATION_MODE = wholemodule;
				VALIDATE_PRODUCT = YES;
			};
			name = Release;
		};
		14800C942C4AF21D008E2684 /* Debug */ = {
			isa = XCBuildConfiguration;
			buildSettings = {
				ASSETCATALOG_COMPILER_APPICON_NAME = AppIcon;
				ASSETCATALOG_COMPILER_GLOBAL_ACCENT_COLOR_NAME = AccentColor;
				CODE_SIGN_STYLE = Automatic;
				CURRENT_PROJECT_VERSION = 1;
				DEVELOPMENT_ASSET_PATHS = "\"Project4.Milestone/Preview Content\"";
				ENABLE_PREVIEWS = YES;
				GENERATE_INFOPLIST_FILE = YES;
				INFOPLIST_KEY_UIApplicationSceneManifest_Generation = YES;
				INFOPLIST_KEY_UIApplicationSupportsIndirectInputEvents = YES;
				INFOPLIST_KEY_UILaunchScreen_Generation = YES;
				INFOPLIST_KEY_UISupportedInterfaceOrientations_iPad = "UIInterfaceOrientationPortrait UIInterfaceOrientationPortraitUpsideDown UIInterfaceOrientationLandscapeLeft UIInterfaceOrientationLandscapeRight";
				INFOPLIST_KEY_UISupportedInterfaceOrientations_iPhone = "UIInterfaceOrientationPortrait UIInterfaceOrientationLandscapeLeft UIInterfaceOrientationLandscapeRight";
				LD_RUNPATH_SEARCH_PATHS = (
					"$(inherited)",
					"@executable_path/Frameworks",
				);
				MARKETING_VERSION = 1.0;
				PRODUCT_BUNDLE_IDENTIFIER = "name.fernandojurado.Project4-Milestone";
				PRODUCT_NAME = "$(TARGET_NAME)";
				SWIFT_EMIT_LOC_STRINGS = YES;
				SWIFT_VERSION = 5.0;
				TARGETED_DEVICE_FAMILY = "1,2";
			};
			name = Debug;
		};
		14800C952C4AF21D008E2684 /* Release */ = {
			isa = XCBuildConfiguration;
			buildSettings = {
				ASSETCATALOG_COMPILER_APPICON_NAME = AppIcon;
				ASSETCATALOG_COMPILER_GLOBAL_ACCENT_COLOR_NAME = AccentColor;
				CODE_SIGN_STYLE = Automatic;
				CURRENT_PROJECT_VERSION = 1;
				DEVELOPMENT_ASSET_PATHS = "\"Project4.Milestone/Preview Content\"";
				ENABLE_PREVIEWS = YES;
				GENERATE_INFOPLIST_FILE = YES;
				INFOPLIST_KEY_UIApplicationSceneManifest_Generation = YES;
				INFOPLIST_KEY_UIApplicationSupportsIndirectInputEvents = YES;
				INFOPLIST_KEY_UILaunchScreen_Generation = YES;
				INFOPLIST_KEY_UISupportedInterfaceOrientations_iPad = "UIInterfaceOrientationPortrait UIInterfaceOrientationPortraitUpsideDown UIInterfaceOrientationLandscapeLeft UIInterfaceOrientationLandscapeRight";
				INFOPLIST_KEY_UISupportedInterfaceOrientations_iPhone = "UIInterfaceOrientationPortrait UIInterfaceOrientationLandscapeLeft UIInterfaceOrientationLandscapeRight";
				LD_RUNPATH_SEARCH_PATHS = (
					"$(inherited)",
					"@executable_path/Frameworks",
				);
				MARKETING_VERSION = 1.0;
				PRODUCT_BUNDLE_IDENTIFIER = "name.fernandojurado.Project4-Milestone";
				PRODUCT_NAME = "$(TARGET_NAME)";
				SWIFT_EMIT_LOC_STRINGS = YES;
				SWIFT_VERSION = 5.0;
				TARGETED_DEVICE_FAMILY = "1,2";
			};
			name = Release;
		};
		14800C972C4AF21D008E2684 /* Debug */ = {
			isa = XCBuildConfiguration;
			buildSettings = {
				ALWAYS_EMBED_SWIFT_STANDARD_LIBRARIES = YES;
				BUNDLE_LOADER = "$(TEST_HOST)";
				CODE_SIGN_STYLE = Automatic;
				CURRENT_PROJECT_VERSION = 1;
				GENERATE_INFOPLIST_FILE = YES;
				IPHONEOS_DEPLOYMENT_TARGET = 17.5;
				MARKETING_VERSION = 1.0;
				PRODUCT_BUNDLE_IDENTIFIER = "name.fernandojurado.Project4-MilestoneTests";
				PRODUCT_NAME = "$(TARGET_NAME)";
				SWIFT_EMIT_LOC_STRINGS = NO;
				SWIFT_VERSION = 5.0;
				TARGETED_DEVICE_FAMILY = "1,2";
				TEST_HOST = "$(BUILT_PRODUCTS_DIR)/Project4.Milestone.app/$(BUNDLE_EXECUTABLE_FOLDER_PATH)/Project4.Milestone";
			};
			name = Debug;
		};
		14800C982C4AF21D008E2684 /* Release */ = {
			isa = XCBuildConfiguration;
			buildSettings = {
				ALWAYS_EMBED_SWIFT_STANDARD_LIBRARIES = YES;
				BUNDLE_LOADER = "$(TEST_HOST)";
				CODE_SIGN_STYLE = Automatic;
				CURRENT_PROJECT_VERSION = 1;
				GENERATE_INFOPLIST_FILE = YES;
				IPHONEOS_DEPLOYMENT_TARGET = 17.5;
				MARKETING_VERSION = 1.0;
				PRODUCT_BUNDLE_IDENTIFIER = "name.fernandojurado.Project4-MilestoneTests";
				PRODUCT_NAME = "$(TARGET_NAME)";
				SWIFT_EMIT_LOC_STRINGS = NO;
				SWIFT_VERSION = 5.0;
				TARGETED_DEVICE_FAMILY = "1,2";
				TEST_HOST = "$(BUILT_PRODUCTS_DIR)/Project4.Milestone.app/$(BUNDLE_EXECUTABLE_FOLDER_PATH)/Project4.Milestone";
			};
			name = Release;
		};
		14800C9A2C4AF21D008E2684 /* Debug */ = {
			isa = XCBuildConfiguration;
			buildSettings = {
				ALWAYS_EMBED_SWIFT_STANDARD_LIBRARIES = YES;
				CODE_SIGN_STYLE = Automatic;
				CURRENT_PROJECT_VERSION = 1;
				GENERATE_INFOPLIST_FILE = YES;
				MARKETING_VERSION = 1.0;
				PRODUCT_BUNDLE_IDENTIFIER = "name.fernandojurado.Project4-MilestoneUITests";
				PRODUCT_NAME = "$(TARGET_NAME)";
				SWIFT_EMIT_LOC_STRINGS = NO;
				SWIFT_VERSION = 5.0;
				TARGETED_DEVICE_FAMILY = "1,2";
				TEST_TARGET_NAME = Project4.Milestone;
			};
			name = Debug;
		};
		14800C9B2C4AF21D008E2684 /* Release */ = {
			isa = XCBuildConfiguration;
			buildSettings = {
				ALWAYS_EMBED_SWIFT_STANDARD_LIBRARIES = YES;
				CODE_SIGN_STYLE = Automatic;
				CURRENT_PROJECT_VERSION = 1;
				GENERATE_INFOPLIST_FILE = YES;
				MARKETING_VERSION = 1.0;
				PRODUCT_BUNDLE_IDENTIFIER = "name.fernandojurado.Project4-MilestoneUITests";
				PRODUCT_NAME = "$(TARGET_NAME)";
				SWIFT_EMIT_LOC_STRINGS = NO;
				SWIFT_VERSION = 5.0;
				TARGETED_DEVICE_FAMILY = "1,2";
				TEST_TARGET_NAME = Project4.Milestone;
			};
			name = Release;
		};
/* End XCBuildConfiguration section */

/* Begin XCConfigurationList section */
		14800C6A2C4AF21C008E2684 /* Build configuration list for PBXProject "Project4.Milestone" */ = {
			isa = XCConfigurationList;
			buildConfigurations = (
				14800C912C4AF21D008E2684 /* Debug */,
				14800C922C4AF21D008E2684 /* Release */,
			);
			defaultConfigurationIsVisible = 0;
			defaultConfigurationName = Release;
		};
		14800C932C4AF21D008E2684 /* Build configuration list for PBXNativeTarget "Project4.Milestone" */ = {
			isa = XCConfigurationList;
			buildConfigurations = (
				14800C942C4AF21D008E2684 /* Debug */,
				14800C952C4AF21D008E2684 /* Release */,
			);
			defaultConfigurationIsVisible = 0;
			defaultConfigurationName = Release;
		};
		14800C962C4AF21D008E2684 /* Build configuration list for PBXNativeTarget "Project4.MilestoneTests" */ = {
			isa = XCConfigurationList;
			buildConfigurations = (
				14800C972C4AF21D008E2684 /* Debug */,
				14800C982C4AF21D008E2684 /* Release */,
			);
			defaultConfigurationIsVisible = 0;
			defaultConfigurationName = Release;
		};
		14800C992C4AF21D008E2684 /* Build configuration list for PBXNativeTarget "Project4.MilestoneUITests" */ = {
			isa = XCConfigurationList;
			buildConfigurations = (
				14800C9A2C4AF21D008E2684 /* Debug */,
				14800C9B2C4AF21D008E2684 /* Release */,
			);
			defaultConfigurationIsVisible = 0;
			defaultConfigurationName = Release;
		};
/* End XCConfigurationList section */
	};
	rootObject = 14800C672C4AF21C008E2684 /* Project object */;
}
