// !$*UTF8*$!
{
	archiveVersion = 1;
	classes = {
	};
	objectVersion = 77;
	objects = {

/* Begin PBXBuildFile section */
		1410640F2CD560FE00B45E6F /* Activity.swift in Sources */ = {isa = PBXBuildFile; fileRef = 141064052CD560FE00B45E6F /* Activity.swift */; };
		141064102CD560FE00B45E6F /* ActivityCountView.swift in Sources */ = {isa = PBXBuildFile; fileRef = 1410640A2CD560FE00B45E6F /* ActivityCountView.swift */; };
		141064112CD560FE00B45E6F /* ActivityView.swift in Sources */ = {isa = PBXBuildFile; fileRef = 1410640B2CD560FE00B45E6F /* ActivityView.swift */; };
		141064122CD560FE00B45E6F /* ContentView.swift in Sources */ = {isa = PBXBuildFile; fileRef = 1410640C2CD560FE00B45E6F /* ContentView.swift */; };
		141064132CD560FE00B45E6F /* Activities.swift in Sources */ = {isa = PBXBuildFile; fileRef = 141064042CD560FE00B45E6F /* Activities.swift */; };
		141064142CD560FE00B45E6F /* Habit_Tracking1App.swift in Sources */ = {isa = PBXBuildFile; fileRef = 1410640D2CD560FE00B45E6F /* Habit_Tracking1App.swift */; };
		141064152CD560FE00B45E6F /* Preview Assets.xcassets in Resources */ = {isa = PBXBuildFile; fileRef = 141064082CD560FE00B45E6F /* Preview Assets.xcassets */; };
		141064162CD560FE00B45E6F /* Assets.xcassets in Resources */ = {isa = PBXBuildFile; fileRef = 141064072CD560FE00B45E6F /* Assets.xcassets */; };
		1410641A2CD562B700B45E6F /* Habit_Tracking1Tests.swift in Sources */ = {isa = PBXBuildFile; fileRef = 141064182CD562B700B45E6F /* Habit_Tracking1Tests.swift */; };
/* End PBXBuildFile section */

/* Begin PBXContainerItemProxy section */
		1410637B2CD4B11900B45E6F /* PBXContainerItemProxy */ = {
			isa = PBXContainerItemProxy;
			containerPortal = 141063622CD4B11700B45E6F /* Project object */;
			proxyType = 1;
			remoteGlobalIDString = 141063692CD4B11700B45E6F;
			remoteInfo = "Habit-Tracking1";
		};
		141063852CD4B11900B45E6F /* PBXContainerItemProxy */ = {
			isa = PBXContainerItemProxy;
			containerPortal = 141063622CD4B11700B45E6F /* Project object */;
			proxyType = 1;
			remoteGlobalIDString = 141063692CD4B11700B45E6F;
			remoteInfo = "Habit-Tracking1";
		};
/* End PBXContainerItemProxy section */

/* Begin PBXFileReference section */
		1410636A2CD4B11700B45E6F /* Habit-Tracking1.app */ = {isa = PBXFileReference; explicitFileType = wrapper.application; includeInIndex = 0; path = "Habit-Tracking1.app"; sourceTree = BUILT_PRODUCTS_DIR; };
		1410637A2CD4B11900B45E6F /* Habit-Tracking1Tests.xctest */ = {isa = PBXFileReference; explicitFileType = wrapper.cfbundle; includeInIndex = 0; path = "Habit-Tracking1Tests.xctest"; sourceTree = BUILT_PRODUCTS_DIR; };
		141063842CD4B11900B45E6F /* Habit-Tracking1UITests.xctest */ = {isa = PBXFileReference; explicitFileType = wrapper.cfbundle; includeInIndex = 0; path = "Habit-Tracking1UITests.xctest"; sourceTree = BUILT_PRODUCTS_DIR; };
		141064042CD560FE00B45E6F /* Activities.swift */ = {isa = PBXFileReference; lastKnownFileType = sourcecode.swift; path = Activities.swift; sourceTree = "<group>"; };
		141064052CD560FE00B45E6F /* Activity.swift */ = {isa = PBXFileReference; lastKnownFileType = sourcecode.swift; path = Activity.swift; sourceTree = "<group>"; };
		141064072CD560FE00B45E6F /* Assets.xcassets */ = {isa = PBXFileReference; lastKnownFileType = folder.assetcatalog; path = Assets.xcassets; sourceTree = "<group>"; };
		141064082CD560FE00B45E6F /* Preview Assets.xcassets */ = {isa = PBXFileReference; lastKnownFileType = folder.assetcatalog; path = "Preview Assets.xcassets"; sourceTree = "<group>"; };
		1410640A2CD560FE00B45E6F /* ActivityCountView.swift */ = {isa = PBXFileReference; lastKnownFileType = sourcecode.swift; path = ActivityCountView.swift; sourceTree = "<group>"; };
		1410640B2CD560FE00B45E6F /* ActivityView.swift */ = {isa = PBXFileReference; lastKnownFileType = sourcecode.swift; path = ActivityView.swift; sourceTree = "<group>"; };
		1410640C2CD560FE00B45E6F /* ContentView.swift */ = {isa = PBXFileReference; lastKnownFileType = sourcecode.swift; path = ContentView.swift; sourceTree = "<group>"; };
		1410640D2CD560FE00B45E6F /* Habit_Tracking1App.swift */ = {isa = PBXFileReference; lastKnownFileType = sourcecode.swift; path = Habit_Tracking1App.swift; sourceTree = "<group>"; };
		141064182CD562B700B45E6F /* Habit_Tracking1Tests.swift */ = {isa = PBXFileReference; lastKnownFileType = sourcecode.swift; path = Habit_Tracking1Tests.swift; sourceTree = "<group>"; };
		1410641B2CD5634500B45E6F /* Habit_Tracking1UITests.swift */ = {isa = PBXFileReference; lastKnownFileType = sourcecode.swift; path = Habit_Tracking1UITests.swift; sourceTree = "<group>"; };
		1410641C2CD5634500B45E6F /* Habit_Tracking1UITestsLaunchTests.swift */ = {isa = PBXFileReference; lastKnownFileType = sourcecode.swift; path = Habit_Tracking1UITestsLaunchTests.swift; sourceTree = "<group>"; };
/* End PBXFileReference section */

/* Begin PBXFrameworksBuildPhase section */
		141063672CD4B11700B45E6F /* Frameworks */ = {
			isa = PBXFrameworksBuildPhase;
			buildActionMask = 2147483647;
			files = (
			);
			runOnlyForDeploymentPostprocessing = 0;
		};
		141063772CD4B11900B45E6F /* Frameworks */ = {
			isa = PBXFrameworksBuildPhase;
			buildActionMask = 2147483647;
			files = (
			);
			runOnlyForDeploymentPostprocessing = 0;
		};
		141063812CD4B11900B45E6F /* Frameworks */ = {
			isa = PBXFrameworksBuildPhase;
			buildActionMask = 2147483647;
			files = (
			);
			runOnlyForDeploymentPostprocessing = 0;
		};
/* End PBXFrameworksBuildPhase section */

/* Begin PBXGroup section */
		141063612CD4B11700B45E6F = {
			isa = PBXGroup;
			children = (
				1410640E2CD560FE00B45E6F /* Habit-Tracking */,
				141064192CD562B700B45E6F /* Habit-TrackingTests */,
				1410641D2CD5634500B45E6F /* Habit-TrackingUITests */,
				1410636B2CD4B11700B45E6F /* Products */,
			);
			sourceTree = "<group>";
		};
		1410636B2CD4B11700B45E6F /* Products */ = {
			isa = PBXGroup;
			children = (
				1410636A2CD4B11700B45E6F /* Habit-Tracking1.app */,
				1410637A2CD4B11900B45E6F /* Habit-Tracking1Tests.xctest */,
				141063842CD4B11900B45E6F /* Habit-Tracking1UITests.xctest */,
			);
			name = Products;
			sourceTree = "<group>";
		};
		141064062CD560FE00B45E6F /* Models */ = {
			isa = PBXGroup;
			children = (
				141064042CD560FE00B45E6F /* Activities.swift */,
				141064052CD560FE00B45E6F /* Activity.swift */,
			);
			path = Models;
			sourceTree = "<group>";
		};
		141064092CD560FE00B45E6F /* Preview Content */ = {
			isa = PBXGroup;
			children = (
				141064072CD560FE00B45E6F /* Assets.xcassets */,
				141064082CD560FE00B45E6F /* Preview Assets.xcassets */,
			);
			path = "Preview Content";
			sourceTree = "<group>";
		};
		1410640E2CD560FE00B45E6F /* Habit-Tracking */ = {
			isa = PBXGroup;
			children = (
				141064092CD560FE00B45E6F /* Preview Content */,
				141064062CD560FE00B45E6F /* Models */,
				1410640A2CD560FE00B45E6F /* ActivityCountView.swift */,
				1410640B2CD560FE00B45E6F /* ActivityView.swift */,
				1410640C2CD560FE00B45E6F /* ContentView.swift */,
				1410640D2CD560FE00B45E6F /* Habit_Tracking1App.swift */,
			);
			path = "Habit-Tracking";
			sourceTree = "<group>";
		};
		141064192CD562B700B45E6F /* Habit-TrackingTests */ = {
			isa = PBXGroup;
			children = (
				141064182CD562B700B45E6F /* Habit_Tracking1Tests.swift */,
			);
			path = "Habit-TrackingTests";
			sourceTree = "<group>";
		};
		1410641D2CD5634500B45E6F /* Habit-TrackingUITests */ = {
			isa = PBXGroup;
			children = (
				1410641B2CD5634500B45E6F /* Habit_Tracking1UITests.swift */,
				1410641C2CD5634500B45E6F /* Habit_Tracking1UITestsLaunchTests.swift */,
			);
			path = "Habit-TrackingUITests";
			sourceTree = "<group>";
		};
/* End PBXGroup section */

/* Begin PBXNativeTarget section */
		141063692CD4B11700B45E6F /* Habit-Tracking1 */ = {
			isa = PBXNativeTarget;
			buildConfigurationList = 1410638E2CD4B11900B45E6F /* Build configuration list for PBXNativeTarget "Habit-Tracking1" */;
			buildPhases = (
				141063662CD4B11700B45E6F /* Sources */,
				141063672CD4B11700B45E6F /* Frameworks */,
				141063682CD4B11700B45E6F /* Resources */,
			);
			buildRules = (
			);
			dependencies = (
			);
			name = "Habit-Tracking1";
			packageProductDependencies = (
			);
			productName = "Habit-Tracking1";
			productReference = 1410636A2CD4B11700B45E6F /* Habit-Tracking1.app */;
			productType = "com.apple.product-type.application";
		};
		141063792CD4B11900B45E6F /* Habit-Tracking1Tests */ = {
			isa = PBXNativeTarget;
			buildConfigurationList = 141063912CD4B11900B45E6F /* Build configuration list for PBXNativeTarget "Habit-Tracking1Tests" */;
			buildPhases = (
				141063762CD4B11900B45E6F /* Sources */,
				141063772CD4B11900B45E6F /* Frameworks */,
				141063782CD4B11900B45E6F /* Resources */,
			);
			buildRules = (
			);
			dependencies = (
				1410637C2CD4B11900B45E6F /* PBXTargetDependency */,
			);
			name = "Habit-Tracking1Tests";
			packageProductDependencies = (
			);
			productName = "Habit-Tracking1Tests";
			productReference = 1410637A2CD4B11900B45E6F /* Habit-Tracking1Tests.xctest */;
			productType = "com.apple.product-type.bundle.unit-test";
		};
		141063832CD4B11900B45E6F /* Habit-Tracking1UITests */ = {
			isa = PBXNativeTarget;
			buildConfigurationList = 141063942CD4B11900B45E6F /* Build configuration list for PBXNativeTarget "Habit-Tracking1UITests" */;
			buildPhases = (
				141063802CD4B11900B45E6F /* Sources */,
				141063812CD4B11900B45E6F /* Frameworks */,
				141063822CD4B11900B45E6F /* Resources */,
			);
			buildRules = (
			);
			dependencies = (
				141063862CD4B11900B45E6F /* PBXTargetDependency */,
			);
			name = "Habit-Tracking1UITests";
			packageProductDependencies = (
			);
			productName = "Habit-Tracking1UITests";
			productReference = 141063842CD4B11900B45E6F /* Habit-Tracking1UITests.xctest */;
			productType = "com.apple.product-type.bundle.ui-testing";
		};
/* End PBXNativeTarget section */

/* Begin PBXProject section */
		141063622CD4B11700B45E6F /* Project object */ = {
			isa = PBXProject;
			attributes = {
				BuildIndependentTargetsInParallel = 1;
				LastSwiftUpdateCheck = 1600;
				LastUpgradeCheck = 1600;
				TargetAttributes = {
					141063692CD4B11700B45E6F = {
						CreatedOnToolsVersion = 16.0;
					};
					141063792CD4B11900B45E6F = {
						CreatedOnToolsVersion = 16.0;
						TestTargetID = 141063692CD4B11700B45E6F;
					};
					141063832CD4B11900B45E6F = {
						CreatedOnToolsVersion = 16.0;
						TestTargetID = 141063692CD4B11700B45E6F;
					};
				};
			};
			buildConfigurationList = 141063652CD4B11700B45E6F /* Build configuration list for PBXProject "Habit-Tracking" */;
			developmentRegion = en;
			hasScannedForEncodings = 0;
			knownRegions = (
				en,
				Base,
			);
			mainGroup = 141063612CD4B11700B45E6F;
			minimizedProjectReferenceProxies = 1;
			preferredProjectObjectVersion = 77;
			productRefGroup = 1410636B2CD4B11700B45E6F /* Products */;
			projectDirPath = "";
			projectRoot = "";
			targets = (
				141063692CD4B11700B45E6F /* Habit-Tracking1 */,
				141063792CD4B11900B45E6F /* Habit-Tracking1Tests */,
				141063832CD4B11900B45E6F /* Habit-Tracking1UITests */,
			);
		};
/* End PBXProject section */

/* Begin PBXResourcesBuildPhase section */
		141063682CD4B11700B45E6F /* Resources */ = {
			isa = PBXResourcesBuildPhase;
			buildActionMask = 2147483647;
			files = (
				141064152CD560FE00B45E6F /* Preview Assets.xcassets in Resources */,
				141064162CD560FE00B45E6F /* Assets.xcassets in Resources */,
			);
			runOnlyForDeploymentPostprocessing = 0;
		};
		141063782CD4B11900B45E6F /* Resources */ = {
			isa = PBXResourcesBuildPhase;
			buildActionMask = 2147483647;
			files = (
			);
			runOnlyForDeploymentPostprocessing = 0;
		};
		141063822CD4B11900B45E6F /* Resources */ = {
			isa = PBXResourcesBuildPhase;
			buildActionMask = 2147483647;
			files = (
			);
			runOnlyForDeploymentPostprocessing = 0;
		};
/* End PBXResourcesBuildPhase section */

/* Begin PBXSourcesBuildPhase section */
		141063662CD4B11700B45E6F /* Sources */ = {
			isa = PBXSourcesBuildPhase;
			buildActionMask = 2147483647;
			files = (
				1410640F2CD560FE00B45E6F /* Activity.swift in Sources */,
				141064102CD560FE00B45E6F /* ActivityCountView.swift in Sources */,
				141064112CD560FE00B45E6F /* ActivityView.swift in Sources */,
				141064122CD560FE00B45E6F /* ContentView.swift in Sources */,
				141064132CD560FE00B45E6F /* Activities.swift in Sources */,
				141064142CD560FE00B45E6F /* Habit_Tracking1App.swift in Sources */,
			);
			runOnlyForDeploymentPostprocessing = 0;
		};
		141063762CD4B11900B45E6F /* Sources */ = {
			isa = PBXSourcesBuildPhase;
			buildActionMask = 2147483647;
			files = (
			);
			runOnlyForDeploymentPostprocessing = 0;
		};
		141063802CD4B11900B45E6F /* Sources */ = {
			isa = PBXSourcesBuildPhase;
			buildActionMask = 2147483647;
			files = (
				1410641A2CD562B700B45E6F /* Habit_Tracking1Tests.swift in Sources */,
			);
			runOnlyForDeploymentPostprocessing = 0;
		};
/* End PBXSourcesBuildPhase section */

/* Begin PBXTargetDependency section */
		1410637C2CD4B11900B45E6F /* PBXTargetDependency */ = {
			isa = PBXTargetDependency;
			target = 141063692CD4B11700B45E6F /* Habit-Tracking1 */;
			targetProxy = 1410637B2CD4B11900B45E6F /* PBXContainerItemProxy */;
		};
		141063862CD4B11900B45E6F /* PBXTargetDependency */ = {
			isa = PBXTargetDependency;
			target = 141063692CD4B11700B45E6F /* Habit-Tracking1 */;
			targetProxy = 141063852CD4B11900B45E6F /* PBXContainerItemProxy */;
		};
/* End PBXTargetDependency section */

/* Begin XCBuildConfiguration section */
		1410638C2CD4B11900B45E6F /* Debug */ = {
			isa = XCBuildConfiguration;
			buildSettings = {
				ALWAYS_SEARCH_USER_PATHS = NO;
				ASSETCATALOG_COMPILER_GENERATE_SWIFT_ASSET_SYMBOL_EXTENSIONS = YES;
				CLANG_ANALYZER_NONNULL = YES;
				CLANG_ANALYZER_NUMBER_OBJECT_CONVERSION = YES_AGGRESSIVE;
				CLANG_CXX_LANGUAGE_STANDARD = "gnu++20";
				CLANG_ENABLE_MODULES = YES;
				CLANG_ENABLE_OBJC_ARC = YES;
				CLANG_ENABLE_OBJC_WEAK = YES;
				CLANG_WARN_BLOCK_CAPTURE_AUTORELEASING = YES;
				CLANG_WARN_BOOL_CONVERSION = YES;
				CLANG_WARN_COMMA = YES;
				CLANG_WARN_CONSTANT_CONVERSION = YES;
				CLANG_WARN_DEPRECATED_OBJC_IMPLEMENTATIONS = YES;
				CLANG_WARN_DIRECT_OBJC_ISA_USAGE = YES_ERROR;
				CLANG_WARN_DOCUMENTATION_COMMENTS = YES;
				CLANG_WARN_EMPTY_BODY = YES;
				CLANG_WARN_ENUM_CONVERSION = YES;
				CLANG_WARN_INFINITE_RECURSION = YES;
				CLANG_WARN_INT_CONVERSION = YES;
				CLANG_WARN_NON_LITERAL_NULL_CONVERSION = YES;
				CLANG_WARN_OBJC_IMPLICIT_RETAIN_SELF = YES;
				CLANG_WARN_OBJC_LITERAL_CONVERSION = YES;
				CLANG_WARN_OBJC_ROOT_CLASS = YES_ERROR;
				CLANG_WARN_QUOTED_INCLUDE_IN_FRAMEWORK_HEADER = YES;
				CLANG_WARN_RANGE_LOOP_ANALYSIS = YES;
				CLANG_WARN_STRICT_PROTOTYPES = YES;
				CLANG_WARN_SUSPICIOUS_MOVE = YES;
				CLANG_WARN_UNGUARDED_AVAILABILITY = YES_AGGRESSIVE;
				CLANG_WARN_UNREACHABLE_CODE = YES;
				CLANG_WARN__DUPLICATE_METHOD_MATCH = YES;
				COPY_PHASE_STRIP = NO;
				DEBUG_INFORMATION_FORMAT = dwarf;
				ENABLE_STRICT_OBJC_MSGSEND = YES;
				ENABLE_TESTABILITY = YES;
				ENABLE_USER_SCRIPT_SANDBOXING = YES;
				GCC_C_LANGUAGE_STANDARD = gnu17;
				GCC_DYNAMIC_NO_PIC = NO;
				GCC_NO_COMMON_BLOCKS = YES;
				GCC_OPTIMIZATION_LEVEL = 0;
				GCC_PREPROCESSOR_DEFINITIONS = (
					"DEBUG=1",
					"$(inherited)",
				);
				GCC_WARN_64_TO_32_BIT_CONVERSION = YES;
				GCC_WARN_ABOUT_RETURN_TYPE = YES_ERROR;
				GCC_WARN_UNDECLARED_SELECTOR = YES;
				GCC_WARN_UNINITIALIZED_AUTOS = YES_AGGRESSIVE;
				GCC_WARN_UNUSED_FUNCTION = YES;
				GCC_WARN_UNUSED_VARIABLE = YES;
				IPHONEOS_DEPLOYMENT_TARGET = 18.0;
				LOCALIZATION_PREFERS_STRING_CATALOGS = YES;
				MTL_ENABLE_DEBUG_INFO = INCLUDE_SOURCE;
				MTL_FAST_MATH = YES;
				ONLY_ACTIVE_ARCH = YES;
				SDKROOT = iphoneos;
				SWIFT_ACTIVE_COMPILATION_CONDITIONS = "DEBUG $(inherited)";
				SWIFT_OPTIMIZATION_LEVEL = "-Onone";
			};
			name = Debug;
		};
		1410638D2CD4B11900B45E6F /* Release */ = {
			isa = XCBuildConfiguration;
			buildSettings = {
				ALWAYS_SEARCH_USER_PATHS = NO;
				ASSETCATALOG_COMPILER_GENERATE_SWIFT_ASSET_SYMBOL_EXTENSIONS = YES;
				CLANG_ANALYZER_NONNULL = YES;
				CLANG_ANALYZER_NUMBER_OBJECT_CONVERSION = YES_AGGRESSIVE;
				CLANG_CXX_LANGUAGE_STANDARD = "gnu++20";
				CLANG_ENABLE_MODULES = YES;
				CLANG_ENABLE_OBJC_ARC = YES;
				CLANG_ENABLE_OBJC_WEAK = YES;
				CLANG_WARN_BLOCK_CAPTURE_AUTORELEASING = YES;
				CLANG_WARN_BOOL_CONVERSION = YES;
				CLANG_WARN_COMMA = YES;
				CLANG_WARN_CONSTANT_CONVERSION = YES;
				CLANG_WARN_DEPRECATED_OBJC_IMPLEMENTATIONS = YES;
				CLANG_WARN_DIRECT_OBJC_ISA_USAGE = YES_ERROR;
				CLANG_WARN_DOCUMENTATION_COMMENTS = YES;
				CLANG_WARN_EMPTY_BODY = YES;
				CLANG_WARN_ENUM_CONVERSION = YES;
				CLANG_WARN_INFINITE_RECURSION = YES;
				CLANG_WARN_INT_CONVERSION = YES;
				CLANG_WARN_NON_LITERAL_NULL_CONVERSION = YES;
				CLANG_WARN_OBJC_IMPLICIT_RETAIN_SELF = YES;
				CLANG_WARN_OBJC_LITERAL_CONVERSION = YES;
				CLANG_WARN_OBJC_ROOT_CLASS = YES_ERROR;
				CLANG_WARN_QUOTED_INCLUDE_IN_FRAMEWORK_HEADER = YES;
				CLANG_WARN_RANGE_LOOP_ANALYSIS = YES;
				CLANG_WARN_STRICT_PROTOTYPES = YES;
				CLANG_WARN_SUSPICIOUS_MOVE = YES;
				CLANG_WARN_UNGUARDED_AVAILABILITY = YES_AGGRESSIVE;
				CLANG_WARN_UNREACHABLE_CODE = YES;
				CLANG_WARN__DUPLICATE_METHOD_MATCH = YES;
				COPY_PHASE_STRIP = NO;
				DEBUG_INFORMATION_FORMAT = "dwarf-with-dsym";
				ENABLE_NS_ASSERTIONS = NO;
				ENABLE_STRICT_OBJC_MSGSEND = YES;
				ENABLE_USER_SCRIPT_SANDBOXING = YES;
				GCC_C_LANGUAGE_STANDARD = gnu17;
				GCC_NO_COMMON_BLOCKS = YES;
				GCC_WARN_64_TO_32_BIT_CONVERSION = YES;
				GCC_WARN_ABOUT_RETURN_TYPE = YES_ERROR;
				GCC_WARN_UNDECLARED_SELECTOR = YES;
				GCC_WARN_UNINITIALIZED_AUTOS = YES_AGGRESSIVE;
				GCC_WARN_UNUSED_FUNCTION = YES;
				GCC_WARN_UNUSED_VARIABLE = YES;
				IPHONEOS_DEPLOYMENT_TARGET = 18.0;
				LOCALIZATION_PREFERS_STRING_CATALOGS = YES;
				MTL_ENABLE_DEBUG_INFO = NO;
				MTL_FAST_MATH = YES;
				SDKROOT = iphoneos;
				SWIFT_COMPILATION_MODE = wholemodule;
				VALIDATE_PRODUCT = YES;
			};
			name = Release;
		};
		1410638F2CD4B11900B45E6F /* Debug */ = {
			isa = XCBuildConfiguration;
			buildSettings = {
				ASSETCATALOG_COMPILER_APPICON_NAME = AppIcon;
				ASSETCATALOG_COMPILER_GLOBAL_ACCENT_COLOR_NAME = AccentColor;
				CODE_SIGN_STYLE = Automatic;
				CURRENT_PROJECT_VERSION = 1;
				DEVELOPMENT_ASSET_PATHS = "\"Habit-Tracking/Preview Content\"";
				ENABLE_PREVIEWS = YES;
				GENERATE_INFOPLIST_FILE = YES;
				INFOPLIST_KEY_UIApplicationSceneManifest_Generation = YES;
				INFOPLIST_KEY_UIApplicationSupportsIndirectInputEvents = YES;
				INFOPLIST_KEY_UILaunchScreen_Generation = YES;
				INFOPLIST_KEY_UISupportedInterfaceOrientations_iPad = "UIInterfaceOrientationPortrait UIInterfaceOrientationPortraitUpsideDown UIInterfaceOrientationLandscapeLeft UIInterfaceOrientationLandscapeRight";
				INFOPLIST_KEY_UISupportedInterfaceOrientations_iPhone = "UIInterfaceOrientationPortrait UIInterfaceOrientationLandscapeLeft UIInterfaceOrientationLandscapeRight";
				LD_RUNPATH_SEARCH_PATHS = (
					"$(inherited)",
					"@executable_path/Frameworks",
				);
				MARKETING_VERSION = 1.0;
				PRODUCT_BUNDLE_IDENTIFIER = "name.fernandojurado.Habit-Tracking1";
				PRODUCT_NAME = "$(TARGET_NAME)";
				SWIFT_EMIT_LOC_STRINGS = YES;
				SWIFT_VERSION = 5.0;
				TARGETED_DEVICE_FAMILY = "1,2";
			};
			name = Debug;
		};
		141063902CD4B11900B45E6F /* Release */ = {
			isa = XCBuildConfiguration;
			buildSettings = {
				ASSETCATALOG_COMPILER_APPICON_NAME = AppIcon;
				ASSETCATALOG_COMPILER_GLOBAL_ACCENT_COLOR_NAME = AccentColor;
				CODE_SIGN_STYLE = Automatic;
				CURRENT_PROJECT_VERSION = 1;
				DEVELOPMENT_ASSET_PATHS = "\"Habit-Tracking/Preview Content\"";
				ENABLE_PREVIEWS = YES;
				GENERATE_INFOPLIST_FILE = YES;
				INFOPLIST_KEY_UIApplicationSceneManifest_Generation = YES;
				INFOPLIST_KEY_UIApplicationSupportsIndirectInputEvents = YES;
				INFOPLIST_KEY_UILaunchScreen_Generation = YES;
				INFOPLIST_KEY_UISupportedInterfaceOrientations_iPad = "UIInterfaceOrientationPortrait UIInterfaceOrientationPortraitUpsideDown UIInterfaceOrientationLandscapeLeft UIInterfaceOrientationLandscapeRight";
				INFOPLIST_KEY_UISupportedInterfaceOrientations_iPhone = "UIInterfaceOrientationPortrait UIInterfaceOrientationLandscapeLeft UIInterfaceOrientationLandscapeRight";
				LD_RUNPATH_SEARCH_PATHS = (
					"$(inherited)",
					"@executable_path/Frameworks",
				);
				MARKETING_VERSION = 1.0;
				PRODUCT_BUNDLE_IDENTIFIER = "name.fernandojurado.Habit-Tracking1";
				PRODUCT_NAME = "$(TARGET_NAME)";
				SWIFT_EMIT_LOC_STRINGS = YES;
				SWIFT_VERSION = 5.0;
				TARGETED_DEVICE_FAMILY = "1,2";
			};
			name = Release;
		};
		141063922CD4B11900B45E6F /* Debug */ = {
			isa = XCBuildConfiguration;
			buildSettings = {
				BUNDLE_LOADER = "$(TEST_HOST)";
				CODE_SIGN_STYLE = Automatic;
				CURRENT_PROJECT_VERSION = 1;
				GENERATE_INFOPLIST_FILE = YES;
				IPHONEOS_DEPLOYMENT_TARGET = 18.0;
				MARKETING_VERSION = 1.0;
				PRODUCT_BUNDLE_IDENTIFIER = "name.fernandojurado.Habit-Tracking1Tests";
				PRODUCT_NAME = "$(TARGET_NAME)";
				SWIFT_EMIT_LOC_STRINGS = NO;
				SWIFT_VERSION = 5.0;
				TARGETED_DEVICE_FAMILY = "1,2";
				TEST_HOST = "$(BUILT_PRODUCTS_DIR)/Habit-Tracking1.app/$(BUNDLE_EXECUTABLE_FOLDER_PATH)/Habit-Tracking1";
			};
			name = Debug;
		};
		141063932CD4B11900B45E6F /* Release */ = {
			isa = XCBuildConfiguration;
			buildSettings = {
				BUNDLE_LOADER = "$(TEST_HOST)";
				CODE_SIGN_STYLE = Automatic;
				CURRENT_PROJECT_VERSION = 1;
				GENERATE_INFOPLIST_FILE = YES;
				IPHONEOS_DEPLOYMENT_TARGET = 18.0;
				MARKETING_VERSION = 1.0;
				PRODUCT_BUNDLE_IDENTIFIER = "name.fernandojurado.Habit-Tracking1Tests";
				PRODUCT_NAME = "$(TARGET_NAME)";
				SWIFT_EMIT_LOC_STRINGS = NO;
				SWIFT_VERSION = 5.0;
				TARGETED_DEVICE_FAMILY = "1,2";
				TEST_HOST = "$(BUILT_PRODUCTS_DIR)/Habit-Tracking1.app/$(BUNDLE_EXECUTABLE_FOLDER_PATH)/Habit-Tracking1";
			};
			name = Release;
		};
		141063952CD4B11900B45E6F /* Debug */ = {
			isa = XCBuildConfiguration;
			buildSettings = {
				CODE_SIGN_STYLE = Automatic;
				CURRENT_PROJECT_VERSION = 1;
				GENERATE_INFOPLIST_FILE = YES;
				MARKETING_VERSION = 1.0;
				PRODUCT_BUNDLE_IDENTIFIER = "name.fernandojurado.Habit-Tracking1UITests";
				PRODUCT_NAME = "$(TARGET_NAME)";
				SWIFT_EMIT_LOC_STRINGS = NO;
				SWIFT_VERSION = 5.0;
				TARGETED_DEVICE_FAMILY = "1,2";
				TEST_TARGET_NAME = "Habit-Tracking1";
			};
			name = Debug;
		};
		141063962CD4B11900B45E6F /* Release */ = {
			isa = XCBuildConfiguration;
			buildSettings = {
				CODE_SIGN_STYLE = Automatic;
				CURRENT_PROJECT_VERSION = 1;
				GENERATE_INFOPLIST_FILE = YES;
				MARKETING_VERSION = 1.0;
				PRODUCT_BUNDLE_IDENTIFIER = "name.fernandojurado.Habit-Tracking1UITests";
				PRODUCT_NAME = "$(TARGET_NAME)";
				SWIFT_EMIT_LOC_STRINGS = NO;
				SWIFT_VERSION = 5.0;
				TARGETED_DEVICE_FAMILY = "1,2";
				TEST_TARGET_NAME = "Habit-Tracking1";
			};
			name = Release;
		};
/* End XCBuildConfiguration section */

/* Begin XCConfigurationList section */
		141063652CD4B11700B45E6F /* Build configuration list for PBXProject "Habit-Tracking" */ = {
			isa = XCConfigurationList;
			buildConfigurations = (
				1410638C2CD4B11900B45E6F /* Debug */,
				1410638D2CD4B11900B45E6F /* Release */,
			);
			defaultConfigurationIsVisible = 0;
			defaultConfigurationName = Release;
		};
		1410638E2CD4B11900B45E6F /* Build configuration list for PBXNativeTarget "Habit-Tracking1" */ = {
			isa = XCConfigurationList;
			buildConfigurations = (
				1410638F2CD4B11900B45E6F /* Debug */,
				141063902CD4B11900B45E6F /* Release */,
			);
			defaultConfigurationIsVisible = 0;
			defaultConfigurationName = Release;
		};
		141063912CD4B11900B45E6F /* Build configuration list for PBXNativeTarget "Habit-Tracking1Tests" */ = {
			isa = XCConfigurationList;
			buildConfigurations = (
				141063922CD4B11900B45E6F /* Debug */,
				141063932CD4B11900B45E6F /* Release */,
			);
			defaultConfigurationIsVisible = 0;
			defaultConfigurationName = Release;
		};
		141063942CD4B11900B45E6F /* Build configuration list for PBXNativeTarget "Habit-Tracking1UITests" */ = {
			isa = XCConfigurationList;
			buildConfigurations = (
				141063952CD4B11900B45E6F /* Debug */,
				141063962CD4B11900B45E6F /* Release */,
			);
			defaultConfigurationIsVisible = 0;
			defaultConfigurationName = Release;
		};
/* End XCConfigurationList section */
	};
	rootObject = 141063622CD4B11700B45E6F /* Project object */;
}
